// !$*UTF8*$!
{
	archiveVersion = 1;
	classes = {
	};
	objectVersion = 56;
	objects = {

/* Begin PBXBuildFile section */
		484CBE902A0524EC007AF611 /* ExpenseDetailsView.swift in Sources */ = {isa = PBXBuildFile; fileRef = 484CBE8F2A0524EC007AF611 /* ExpenseDetailsView.swift */; };
		484CBE932A052CB9007AF611 /* ExpenseTypeMapAnnotation.swift in Sources */ = {isa = PBXBuildFile; fileRef = 484CBE922A052CB9007AF611 /* ExpenseTypeMapAnnotation.swift */; };
		484CBE952A052D50007AF611 /* ExpenseTypeIcon.swift in Sources */ = {isa = PBXBuildFile; fileRef = 484CBE942A052D50007AF611 /* ExpenseTypeIcon.swift */; };
		484CBE972A053A89007AF611 /* Expense.swift in Sources */ = {isa = PBXBuildFile; fileRef = 484CBE962A053A89007AF611 /* Expense.swift */; };
		484CBE992A053A97007AF611 /* Location.swift in Sources */ = {isa = PBXBuildFile; fileRef = 484CBE982A053A97007AF611 /* Location.swift */; };
		484CBE9B2A053AD5007AF611 /* ExpenseType.swift in Sources */ = {isa = PBXBuildFile; fileRef = 484CBE9A2A053AD5007AF611 /* ExpenseType.swift */; };
		484CBE9D2A053B01007AF611 /* Refuel.swift in Sources */ = {isa = PBXBuildFile; fileRef = 484CBE9C2A053B01007AF611 /* Refuel.swift */; };
		484CBE9E2A058940007AF611 /* Refuel.swift in Sources */ = {isa = PBXBuildFile; fileRef = 484CBE9C2A053B01007AF611 /* Refuel.swift */; };
		484CBEA02A058F89007AF611 /* CarDetailsViewModel.swift in Sources */ = {isa = PBXBuildFile; fileRef = 484CBE9F2A058F89007AF611 /* CarDetailsViewModel.swift */; };
		485E883B29F85B20007B3088 /* ExpenseEndpoint.swift in Sources */ = {isa = PBXBuildFile; fileRef = 485E883A29F85B20007B3088 /* ExpenseEndpoint.swift */; };
		485E883D29F85B68007B3088 /* ExpenseServiceProtocol.swift in Sources */ = {isa = PBXBuildFile; fileRef = 485E883C29F85B68007B3088 /* ExpenseServiceProtocol.swift */; };
		485E883F29F85B81007B3088 /* ExpenseService.swift in Sources */ = {isa = PBXBuildFile; fileRef = 485E883E29F85B81007B3088 /* ExpenseService.swift */; };
		4879B8932A06F561003337D6 /* LocationSelectionView.swift in Sources */ = {isa = PBXBuildFile; fileRef = 4879B8922A06F561003337D6 /* LocationSelectionView.swift */; };
		4879B8952A06F5B3003337D6 /* LocationSelectionViewController.swift in Sources */ = {isa = PBXBuildFile; fileRef = 4879B8942A06F5B3003337D6 /* LocationSelectionViewController.swift */; };
		488F4ACC29E489130062BF4B /* SelectedCarDataStoreProtocol.swift in Sources */ = {isa = PBXBuildFile; fileRef = 488F4ACB29E489130062BF4B /* SelectedCarDataStoreProtocol.swift */; };
		488F4ACD29E4893F0062BF4B /* SelectedCarDataStoreProtocol.swift in Sources */ = {isa = PBXBuildFile; fileRef = 488F4ACB29E489130062BF4B /* SelectedCarDataStoreProtocol.swift */; };
		488F4AD029E489590062BF4B /* SelectedCarMockDataStore.swift in Sources */ = {isa = PBXBuildFile; fileRef = 488F4ACF29E489590062BF4B /* SelectedCarMockDataStore.swift */; };
		488F4AD129E4899F0062BF4B /* SelectedCarMockDataStore.swift in Sources */ = {isa = PBXBuildFile; fileRef = 488F4ACF29E489590062BF4B /* SelectedCarMockDataStore.swift */; };
		488F4AD529E4A2D10062BF4B /* Cache.swift in Sources */ = {isa = PBXBuildFile; fileRef = 488F4AD429E4A2D10062BF4B /* Cache.swift */; };
		488F4AD729E4AA540062BF4B /* CacheEntry.swift in Sources */ = {isa = PBXBuildFile; fileRef = 488F4AD629E4AA540062BF4B /* CacheEntry.swift */; };
		488F4AD929E4AA660062BF4B /* CacheKey.swift in Sources */ = {isa = PBXBuildFile; fileRef = 488F4AD829E4AA660062BF4B /* CacheKey.swift */; };
		48A027E729EACA1200515291 /* Configuration.swift in Sources */ = {isa = PBXBuildFile; fileRef = 48A027E629EACA1200515291 /* Configuration.swift */; };
		48B3C55B29E5E99E00612195 /* ExpensesOverviewView.swift in Sources */ = {isa = PBXBuildFile; fileRef = 48B3C55A29E5E99E00612195 /* ExpensesOverviewView.swift */; };
		48B3C55D29E5EBA100612195 /* ExpenseRowView.swift in Sources */ = {isa = PBXBuildFile; fileRef = 48B3C55C29E5EBA100612195 /* ExpenseRowView.swift */; };
		48B3C56129E605C400612195 /* ExpensesFilterSection.swift in Sources */ = {isa = PBXBuildFile; fileRef = 48B3C56029E605C400612195 /* ExpensesFilterSection.swift */; };
		48BA579629E36B510003D60D /* NetworkEngine.swift in Sources */ = {isa = PBXBuildFile; fileRef = 48BA579529E36B510003D60D /* NetworkEngine.swift */; };
		48BAF92629E7160500FB5527 /* CarOverviewView.swift in Sources */ = {isa = PBXBuildFile; fileRef = 48BAF92529E7160500FB5527 /* CarOverviewView.swift */; };
		48BAF92829E7175C00FB5527 /* AddCarView.swift in Sources */ = {isa = PBXBuildFile; fileRef = 48BAF92729E7175C00FB5527 /* AddCarView.swift */; };
		48BAF92B29E71C7F00FB5527 /* FuelTypes.swift in Sources */ = {isa = PBXBuildFile; fileRef = 48BAF92A29E71C7F00FB5527 /* FuelTypes.swift */; };
		48BAF92D29E71DC500FB5527 /* AddCarViewModel.swift in Sources */ = {isa = PBXBuildFile; fileRef = 48BAF92C29E71DC500FB5527 /* AddCarViewModel.swift */; };
		48BAF92F29E71F0D00FB5527 /* FuelTypeIcon.swift in Sources */ = {isa = PBXBuildFile; fileRef = 48BAF92E29E71F0D00FB5527 /* FuelTypeIcon.swift */; };
		48BAF93229E7221E00FB5527 /* CarDetailsView.swift in Sources */ = {isa = PBXBuildFile; fileRef = 48BAF93129E7221E00FB5527 /* CarDetailsView.swift */; };
		48BAF93329E7374300FB5527 /* FuelTypes.swift in Sources */ = {isa = PBXBuildFile; fileRef = 48BAF92A29E71C7F00FB5527 /* FuelTypes.swift */; };
		48BAF93429E7375800FB5527 /* CarDataSource.swift in Sources */ = {isa = PBXBuildFile; fileRef = 48C2921629E1E23300FA149A /* CarDataSource.swift */; };
		48BAF93629E73B9E00FB5527 /* ExpensesOverviewViewModel.swift in Sources */ = {isa = PBXBuildFile; fileRef = 48BAF93529E73B9E00FB5527 /* ExpensesOverviewViewModel.swift */; };
		48BAF93829E741BD00FB5527 /* Date+Extensions.swift in Sources */ = {isa = PBXBuildFile; fileRef = 48BAF93729E741BD00FB5527 /* Date+Extensions.swift */; };
		48BAF93E29E7488F00FB5527 /* ExpenseFilterView.swift in Sources */ = {isa = PBXBuildFile; fileRef = 48BAF93D29E7488F00FB5527 /* ExpenseFilterView.swift */; };
		48BAF94029E74B6B00FB5527 /* CollapsableCardWithTitleView.swift in Sources */ = {isa = PBXBuildFile; fileRef = 48BAF93F29E74B6B00FB5527 /* CollapsableCardWithTitleView.swift */; };
		48BAF94229E75E8B00FB5527 /* Binding+Extensions.swift in Sources */ = {isa = PBXBuildFile; fileRef = 48BAF94129E75E8B00FB5527 /* Binding+Extensions.swift */; };
		48BCB60C29E46C6D00F01A0E /* Endpoint.swift in Sources */ = {isa = PBXBuildFile; fileRef = 48BCB60B29E46C6D00F01A0E /* Endpoint.swift */; };
		48BCB60E29E46C8200F01A0E /* BackendEndpoint.swift in Sources */ = {isa = PBXBuildFile; fileRef = 48BCB60D29E46C8200F01A0E /* BackendEndpoint.swift */; };
		48BCB61029E46D1600F01A0E /* HTTPMethod.swift in Sources */ = {isa = PBXBuildFile; fileRef = 48BCB60F29E46D1600F01A0E /* HTTPMethod.swift */; };
		48BCB61429E4753100F01A0E /* LandingPageViewModel.swift in Sources */ = {isa = PBXBuildFile; fileRef = 48BCB61329E4753100F01A0E /* LandingPageViewModel.swift */; };
		48BCB61C29E4837500F01A0E /* Double+Extensions.swift in Sources */ = {isa = PBXBuildFile; fileRef = 48BCB61B29E4837500F01A0E /* Double+Extensions.swift */; };
		48BCB61E29E4879200F01A0E /* Double+Extensions.swift in Sources */ = {isa = PBXBuildFile; fileRef = 48BCB61B29E4837500F01A0E /* Double+Extensions.swift */; };
		48BDB53429E9C8F800B9D269 /* AddExpenseView.swift in Sources */ = {isa = PBXBuildFile; fileRef = 48BDB53329E9C8F800B9D269 /* AddExpenseView.swift */; };
		48BDB53629E9CC7300B9D269 /* TitleAndTextField.swift in Sources */ = {isa = PBXBuildFile; fileRef = 48BDB53529E9CC7300B9D269 /* TitleAndTextField.swift */; };
		48C234CB29FDBB530077166B /* AddExpenseViewModel.swift in Sources */ = {isa = PBXBuildFile; fileRef = 48C234CA29FDBB530077166B /* AddExpenseViewModel.swift */; };
		48C234CD29FDC4730077166B /* NetworkEngineError.swift in Sources */ = {isa = PBXBuildFile; fileRef = 48C234CC29FDC4730077166B /* NetworkEngineError.swift */; };
		48C2921729E1E23300FA149A /* CarDataSource.swift in Sources */ = {isa = PBXBuildFile; fileRef = 48C2921629E1E23300FA149A /* CarDataSource.swift */; };
		48C2921F29E1E4A600FA149A /* CarCardInfoRowConfiguration.swift in Sources */ = {isa = PBXBuildFile; fileRef = 48C2921D29E1E4A600FA149A /* CarCardInfoRowConfiguration.swift */; };
		48C2922029E1E4A600FA149A /* CarCardInfoRow.swift in Sources */ = {isa = PBXBuildFile; fileRef = 48C2921E29E1E4A600FA149A /* CarCardInfoRow.swift */; };
		48C2922A29E1EEC500FA149A /* Localizable.strings in Resources */ = {isa = PBXBuildFile; fileRef = 48C2922829E1EEC500FA149A /* Localizable.strings */; };
		48C2922D29E1FA3A00FA149A /* ActionCard.swift in Sources */ = {isa = PBXBuildFile; fileRef = 48C2922C29E1FA3A00FA149A /* ActionCard.swift */; };
		48C2923129E1FB4600FA149A /* LadingPageActionCardGroup.swift in Sources */ = {isa = PBXBuildFile; fileRef = 48C2923029E1FB4600FA149A /* LadingPageActionCardGroup.swift */; };
		48C60A0E29E203310070AA05 /* CarCardViewModelTests.swift in Sources */ = {isa = PBXBuildFile; fileRef = 48C60A0D29E203310070AA05 /* CarCardViewModelTests.swift */; };
		48C60A0F29E203690070AA05 /* CarCardViewModel.swift in Sources */ = {isa = PBXBuildFile; fileRef = 48D1139D29E1DAB7009A2ED6 /* CarCardViewModel.swift */; };
		48C60A1029E203930070AA05 /* CarCardInfoRowConfiguration.swift in Sources */ = {isa = PBXBuildFile; fileRef = 48C2921D29E1E4A600FA149A /* CarCardInfoRowConfiguration.swift */; };
		48C7C8C229E8A85800010018 /* CarRowInfoView.swift in Sources */ = {isa = PBXBuildFile; fileRef = 48C7C8C129E8A85800010018 /* CarRowInfoView.swift */; };
		48CB9D4C29F05C9C006258C4 /* GetJWTEndpoint.swift in Sources */ = {isa = PBXBuildFile; fileRef = 48CB9D4B29F05C9C006258C4 /* GetJWTEndpoint.swift */; };
		48CB9D4E29F05CA5006258C4 /* JWTService.swift in Sources */ = {isa = PBXBuildFile; fileRef = 48CB9D4D29F05CA5006258C4 /* JWTService.swift */; };
		48CB9D5029F05CB0006258C4 /* JWTServiceProtocol.swift in Sources */ = {isa = PBXBuildFile; fileRef = 48CB9D4F29F05CB0006258C4 /* JWTServiceProtocol.swift */; };
		48CB9D5329F0614D006258C4 /* AccessTokenManager.swift in Sources */ = {isa = PBXBuildFile; fileRef = 48CB9D5229F0614D006258C4 /* AccessTokenManager.swift */; };
		48CB9D5929F07718006258C4 /* JWTResponse.swift in Sources */ = {isa = PBXBuildFile; fileRef = 48CB9D5829F07718006258C4 /* JWTResponse.swift */; };
		48CD096629F704D300975EAB /* CarEndpoint.swift in Sources */ = {isa = PBXBuildFile; fileRef = 48CD096529F704D300975EAB /* CarEndpoint.swift */; };
		48CD096829F705CC00975EAB /* CarServiceProtocol.swift in Sources */ = {isa = PBXBuildFile; fileRef = 48CD096729F705CC00975EAB /* CarServiceProtocol.swift */; };
		48CD096A29F705D300975EAB /* CarService.swift in Sources */ = {isa = PBXBuildFile; fileRef = 48CD096929F705D300975EAB /* CarService.swift */; };
		48CD096C29F7185C00975EAB /* String+Extensions.swift in Sources */ = {isa = PBXBuildFile; fileRef = 48CD096B29F7185C00975EAB /* String+Extensions.swift */; };
		48CD096D29F7272400975EAB /* CarServiceProtocol.swift in Sources */ = {isa = PBXBuildFile; fileRef = 48CD096729F705CC00975EAB /* CarServiceProtocol.swift */; };
		48CD097029F727FB00975EAB /* MockCar.swift in Sources */ = {isa = PBXBuildFile; fileRef = 48CD096F29F727FB00975EAB /* MockCar.swift */; };
		48D1135829E1CA0B009A2ED6 /* GasExpensesApp.swift in Sources */ = {isa = PBXBuildFile; fileRef = 48D1135729E1CA0B009A2ED6 /* GasExpensesApp.swift */; };
		48D1135C29E1CA0D009A2ED6 /* Assets.xcassets in Resources */ = {isa = PBXBuildFile; fileRef = 48D1135B29E1CA0D009A2ED6 /* Assets.xcassets */; };
		48D1135F29E1CA0D009A2ED6 /* Preview Assets.xcassets in Resources */ = {isa = PBXBuildFile; fileRef = 48D1135E29E1CA0D009A2ED6 /* Preview Assets.xcassets */; };
		48D1137329E1CA0E009A2ED6 /* GasExpensesUITests.swift in Sources */ = {isa = PBXBuildFile; fileRef = 48D1137229E1CA0E009A2ED6 /* GasExpensesUITests.swift */; };
		48D1137529E1CA0E009A2ED6 /* GasExpensesUITestsLaunchTests.swift in Sources */ = {isa = PBXBuildFile; fileRef = 48D1137429E1CA0E009A2ED6 /* GasExpensesUITestsLaunchTests.swift */; };
		48D1138429E1CD02009A2ED6 /* Car.swift in Sources */ = {isa = PBXBuildFile; fileRef = 48D1138329E1CD02009A2ED6 /* Car.swift */; };
		48D1138629E1CD59009A2ED6 /* CarTests.swift in Sources */ = {isa = PBXBuildFile; fileRef = 48D1138529E1CD59009A2ED6 /* CarTests.swift */; };
		48D1138729E1CD96009A2ED6 /* Car.swift in Sources */ = {isa = PBXBuildFile; fileRef = 48D1138329E1CD02009A2ED6 /* Car.swift */; };
		48D1138D29E1D377009A2ED6 /* LandingPageView.swift in Sources */ = {isa = PBXBuildFile; fileRef = 48D1138C29E1D377009A2ED6 /* LandingPageView.swift */; };
		48D1139329E1D3B3009A2ED6 /* TitleAndIconHeaderView.swift in Sources */ = {isa = PBXBuildFile; fileRef = 48D1139229E1D3B3009A2ED6 /* TitleAndIconHeaderView.swift */; };
		48D1139529E1D4C5009A2ED6 /* CardWithTitleView.swift in Sources */ = {isa = PBXBuildFile; fileRef = 48D1139429E1D4C5009A2ED6 /* CardWithTitleView.swift */; };
		48D1139729E1D669009A2ED6 /* Color+Extensions.swift in Sources */ = {isa = PBXBuildFile; fileRef = 48D1139629E1D669009A2ED6 /* Color+Extensions.swift */; };
		48D1139929E1D919009A2ED6 /* ImageWithGradientView.swift in Sources */ = {isa = PBXBuildFile; fileRef = 48D1139829E1D919009A2ED6 /* ImageWithGradientView.swift */; };
		48D1139B29E1DA46009A2ED6 /* CarCardView.swift in Sources */ = {isa = PBXBuildFile; fileRef = 48D1139A29E1DA46009A2ED6 /* CarCardView.swift */; };
		48D1139E29E1DAB7009A2ED6 /* CarCardViewModel.swift in Sources */ = {isa = PBXBuildFile; fileRef = 48D1139D29E1DAB7009A2ED6 /* CarCardViewModel.swift */; };
		48DC506E29FB0AEB009F3676 /* Cache.swift in Sources */ = {isa = PBXBuildFile; fileRef = 488F4AD429E4A2D10062BF4B /* Cache.swift */; };
		48DC506F29FB0AFA009F3676 /* CacheKey.swift in Sources */ = {isa = PBXBuildFile; fileRef = 488F4AD829E4AA660062BF4B /* CacheKey.swift */; };
		48DC507029FB0B0A009F3676 /* CacheEntry.swift in Sources */ = {isa = PBXBuildFile; fileRef = 488F4AD629E4AA540062BF4B /* CacheEntry.swift */; };
		48DC507329FB1204009F3676 /* AddRefuelView.swift in Sources */ = {isa = PBXBuildFile; fileRef = 48DC507229FB1204009F3676 /* AddRefuelView.swift */; };
		48DC507629FB15ED009F3676 /* RefuelEndpoint.swift in Sources */ = {isa = PBXBuildFile; fileRef = 48DC507529FB15ED009F3676 /* RefuelEndpoint.swift */; };
		48DC507829FB15F6009F3676 /* RefuelService.swift in Sources */ = {isa = PBXBuildFile; fileRef = 48DC507729FB15F6009F3676 /* RefuelService.swift */; };
		48DC507A29FB1602009F3676 /* RefuelServiceProtocol.swift in Sources */ = {isa = PBXBuildFile; fileRef = 48DC507929FB1602009F3676 /* RefuelServiceProtocol.swift */; };
/* End PBXBuildFile section */

/* Begin PBXContainerItemProxy section */
		48D1136529E1CA0E009A2ED6 /* PBXContainerItemProxy */ = {
			isa = PBXContainerItemProxy;
			containerPortal = 48D1134C29E1CA0B009A2ED6 /* Project object */;
			proxyType = 1;
			remoteGlobalIDString = 48D1135329E1CA0B009A2ED6;
			remoteInfo = GasExpenses;
		};
		48D1136F29E1CA0E009A2ED6 /* PBXContainerItemProxy */ = {
			isa = PBXContainerItemProxy;
			containerPortal = 48D1134C29E1CA0B009A2ED6 /* Project object */;
			proxyType = 1;
			remoteGlobalIDString = 48D1135329E1CA0B009A2ED6;
			remoteInfo = GasExpenses;
		};
/* End PBXContainerItemProxy section */

/* Begin PBXFileReference section */
		484CBE8F2A0524EC007AF611 /* ExpenseDetailsView.swift */ = {isa = PBXFileReference; lastKnownFileType = sourcecode.swift; path = ExpenseDetailsView.swift; sourceTree = "<group>"; };
		484CBE922A052CB9007AF611 /* ExpenseTypeMapAnnotation.swift */ = {isa = PBXFileReference; lastKnownFileType = sourcecode.swift; path = ExpenseTypeMapAnnotation.swift; sourceTree = "<group>"; };
		484CBE942A052D50007AF611 /* ExpenseTypeIcon.swift */ = {isa = PBXFileReference; lastKnownFileType = sourcecode.swift; path = ExpenseTypeIcon.swift; sourceTree = "<group>"; };
		484CBE962A053A89007AF611 /* Expense.swift */ = {isa = PBXFileReference; lastKnownFileType = sourcecode.swift; path = Expense.swift; sourceTree = "<group>"; };
		484CBE982A053A97007AF611 /* Location.swift */ = {isa = PBXFileReference; lastKnownFileType = sourcecode.swift; path = Location.swift; sourceTree = "<group>"; };
		484CBE9A2A053AD5007AF611 /* ExpenseType.swift */ = {isa = PBXFileReference; lastKnownFileType = sourcecode.swift; path = ExpenseType.swift; sourceTree = "<group>"; };
		484CBE9C2A053B01007AF611 /* Refuel.swift */ = {isa = PBXFileReference; lastKnownFileType = sourcecode.swift; path = Refuel.swift; sourceTree = "<group>"; };
		484CBE9F2A058F89007AF611 /* CarDetailsViewModel.swift */ = {isa = PBXFileReference; lastKnownFileType = sourcecode.swift; path = CarDetailsViewModel.swift; sourceTree = "<group>"; };
		485E883A29F85B20007B3088 /* ExpenseEndpoint.swift */ = {isa = PBXFileReference; lastKnownFileType = sourcecode.swift; path = ExpenseEndpoint.swift; sourceTree = "<group>"; };
		485E883C29F85B68007B3088 /* ExpenseServiceProtocol.swift */ = {isa = PBXFileReference; lastKnownFileType = sourcecode.swift; path = ExpenseServiceProtocol.swift; sourceTree = "<group>"; };
		485E883E29F85B81007B3088 /* ExpenseService.swift */ = {isa = PBXFileReference; lastKnownFileType = sourcecode.swift; path = ExpenseService.swift; sourceTree = "<group>"; };
		4879B8922A06F561003337D6 /* LocationSelectionView.swift */ = {isa = PBXFileReference; lastKnownFileType = sourcecode.swift; path = LocationSelectionView.swift; sourceTree = "<group>"; };
		4879B8942A06F5B3003337D6 /* LocationSelectionViewController.swift */ = {isa = PBXFileReference; lastKnownFileType = sourcecode.swift; path = LocationSelectionViewController.swift; sourceTree = "<group>"; };
		488F4ACB29E489130062BF4B /* SelectedCarDataStoreProtocol.swift */ = {isa = PBXFileReference; lastKnownFileType = sourcecode.swift; path = SelectedCarDataStoreProtocol.swift; sourceTree = "<group>"; };
		488F4ACF29E489590062BF4B /* SelectedCarMockDataStore.swift */ = {isa = PBXFileReference; lastKnownFileType = sourcecode.swift; path = SelectedCarMockDataStore.swift; sourceTree = "<group>"; };
		488F4AD429E4A2D10062BF4B /* Cache.swift */ = {isa = PBXFileReference; lastKnownFileType = sourcecode.swift; path = Cache.swift; sourceTree = "<group>"; };
		488F4AD629E4AA540062BF4B /* CacheEntry.swift */ = {isa = PBXFileReference; lastKnownFileType = sourcecode.swift; path = CacheEntry.swift; sourceTree = "<group>"; };
		488F4AD829E4AA660062BF4B /* CacheKey.swift */ = {isa = PBXFileReference; lastKnownFileType = sourcecode.swift; path = CacheKey.swift; sourceTree = "<group>"; };
		48A027E429EAC8EF00515291 /* ConfigurationDebug.xcconfig */ = {isa = PBXFileReference; lastKnownFileType = text.xcconfig; path = ConfigurationDebug.xcconfig; sourceTree = "<group>"; };
		48A027E529EAC9F900515291 /* Info.plist */ = {isa = PBXFileReference; lastKnownFileType = text.plist; path = Info.plist; sourceTree = "<group>"; };
		48A027E629EACA1200515291 /* Configuration.swift */ = {isa = PBXFileReference; lastKnownFileType = sourcecode.swift; path = Configuration.swift; sourceTree = "<group>"; };
		48B3C55A29E5E99E00612195 /* ExpensesOverviewView.swift */ = {isa = PBXFileReference; lastKnownFileType = sourcecode.swift; path = ExpensesOverviewView.swift; sourceTree = "<group>"; };
		48B3C55C29E5EBA100612195 /* ExpenseRowView.swift */ = {isa = PBXFileReference; lastKnownFileType = sourcecode.swift; path = ExpenseRowView.swift; sourceTree = "<group>"; };
		48B3C56029E605C400612195 /* ExpensesFilterSection.swift */ = {isa = PBXFileReference; lastKnownFileType = sourcecode.swift; path = ExpensesFilterSection.swift; sourceTree = "<group>"; };
		48BA579529E36B510003D60D /* NetworkEngine.swift */ = {isa = PBXFileReference; lastKnownFileType = sourcecode.swift; path = NetworkEngine.swift; sourceTree = "<group>"; };
		48BAF92529E7160500FB5527 /* CarOverviewView.swift */ = {isa = PBXFileReference; lastKnownFileType = sourcecode.swift; path = CarOverviewView.swift; sourceTree = "<group>"; };
		48BAF92729E7175C00FB5527 /* AddCarView.swift */ = {isa = PBXFileReference; lastKnownFileType = sourcecode.swift; path = AddCarView.swift; sourceTree = "<group>"; };
		48BAF92A29E71C7F00FB5527 /* FuelTypes.swift */ = {isa = PBXFileReference; lastKnownFileType = sourcecode.swift; path = FuelTypes.swift; sourceTree = "<group>"; };
		48BAF92C29E71DC500FB5527 /* AddCarViewModel.swift */ = {isa = PBXFileReference; lastKnownFileType = sourcecode.swift; path = AddCarViewModel.swift; sourceTree = "<group>"; };
		48BAF92E29E71F0D00FB5527 /* FuelTypeIcon.swift */ = {isa = PBXFileReference; lastKnownFileType = sourcecode.swift; path = FuelTypeIcon.swift; sourceTree = "<group>"; };
		48BAF93129E7221E00FB5527 /* CarDetailsView.swift */ = {isa = PBXFileReference; lastKnownFileType = sourcecode.swift; path = CarDetailsView.swift; sourceTree = "<group>"; };
		48BAF93529E73B9E00FB5527 /* ExpensesOverviewViewModel.swift */ = {isa = PBXFileReference; lastKnownFileType = sourcecode.swift; path = ExpensesOverviewViewModel.swift; sourceTree = "<group>"; };
		48BAF93729E741BD00FB5527 /* Date+Extensions.swift */ = {isa = PBXFileReference; lastKnownFileType = sourcecode.swift; path = "Date+Extensions.swift"; sourceTree = "<group>"; };
		48BAF93D29E7488F00FB5527 /* ExpenseFilterView.swift */ = {isa = PBXFileReference; lastKnownFileType = sourcecode.swift; path = ExpenseFilterView.swift; sourceTree = "<group>"; };
		48BAF93F29E74B6B00FB5527 /* CollapsableCardWithTitleView.swift */ = {isa = PBXFileReference; lastKnownFileType = sourcecode.swift; path = CollapsableCardWithTitleView.swift; sourceTree = "<group>"; };
		48BAF94129E75E8B00FB5527 /* Binding+Extensions.swift */ = {isa = PBXFileReference; lastKnownFileType = sourcecode.swift; path = "Binding+Extensions.swift"; sourceTree = "<group>"; };
		48BCB60B29E46C6D00F01A0E /* Endpoint.swift */ = {isa = PBXFileReference; lastKnownFileType = sourcecode.swift; path = Endpoint.swift; sourceTree = "<group>"; };
		48BCB60D29E46C8200F01A0E /* BackendEndpoint.swift */ = {isa = PBXFileReference; lastKnownFileType = sourcecode.swift; path = BackendEndpoint.swift; sourceTree = "<group>"; };
		48BCB60F29E46D1600F01A0E /* HTTPMethod.swift */ = {isa = PBXFileReference; lastKnownFileType = sourcecode.swift; path = HTTPMethod.swift; sourceTree = "<group>"; };
		48BCB61329E4753100F01A0E /* LandingPageViewModel.swift */ = {isa = PBXFileReference; lastKnownFileType = sourcecode.swift; path = LandingPageViewModel.swift; sourceTree = "<group>"; };
		48BCB61B29E4837500F01A0E /* Double+Extensions.swift */ = {isa = PBXFileReference; lastKnownFileType = sourcecode.swift; path = "Double+Extensions.swift"; sourceTree = "<group>"; };
		48BDB53329E9C8F800B9D269 /* AddExpenseView.swift */ = {isa = PBXFileReference; lastKnownFileType = sourcecode.swift; path = AddExpenseView.swift; sourceTree = "<group>"; };
		48BDB53529E9CC7300B9D269 /* TitleAndTextField.swift */ = {isa = PBXFileReference; lastKnownFileType = sourcecode.swift; path = TitleAndTextField.swift; sourceTree = "<group>"; };
		48C234CA29FDBB530077166B /* AddExpenseViewModel.swift */ = {isa = PBXFileReference; lastKnownFileType = sourcecode.swift; path = AddExpenseViewModel.swift; sourceTree = "<group>"; };
		48C234CC29FDC4730077166B /* NetworkEngineError.swift */ = {isa = PBXFileReference; lastKnownFileType = sourcecode.swift; path = NetworkEngineError.swift; sourceTree = "<group>"; };
		48C2921629E1E23300FA149A /* CarDataSource.swift */ = {isa = PBXFileReference; lastKnownFileType = sourcecode.swift; path = CarDataSource.swift; sourceTree = "<group>"; };
		48C2921D29E1E4A600FA149A /* CarCardInfoRowConfiguration.swift */ = {isa = PBXFileReference; fileEncoding = 4; lastKnownFileType = sourcecode.swift; path = CarCardInfoRowConfiguration.swift; sourceTree = "<group>"; };
		48C2921E29E1E4A600FA149A /* CarCardInfoRow.swift */ = {isa = PBXFileReference; fileEncoding = 4; lastKnownFileType = sourcecode.swift; path = CarCardInfoRow.swift; sourceTree = "<group>"; };
		48C2922929E1EEC500FA149A /* pl */ = {isa = PBXFileReference; lastKnownFileType = text.plist.strings; name = pl; path = pl.lproj/Localizable.strings; sourceTree = "<group>"; };
		48C2922B29E1F23E00FA149A /* en */ = {isa = PBXFileReference; lastKnownFileType = text.plist.strings; name = en; path = en.lproj/Localizable.strings; sourceTree = "<group>"; };
		48C2922C29E1FA3A00FA149A /* ActionCard.swift */ = {isa = PBXFileReference; lastKnownFileType = sourcecode.swift; path = ActionCard.swift; sourceTree = "<group>"; };
		48C2923029E1FB4600FA149A /* LadingPageActionCardGroup.swift */ = {isa = PBXFileReference; lastKnownFileType = sourcecode.swift; path = LadingPageActionCardGroup.swift; sourceTree = "<group>"; };
		48C60A0D29E203310070AA05 /* CarCardViewModelTests.swift */ = {isa = PBXFileReference; lastKnownFileType = sourcecode.swift; path = CarCardViewModelTests.swift; sourceTree = "<group>"; };
		48C7C8C129E8A85800010018 /* CarRowInfoView.swift */ = {isa = PBXFileReference; lastKnownFileType = sourcecode.swift; path = CarRowInfoView.swift; sourceTree = "<group>"; };
		48CB9D4B29F05C9C006258C4 /* GetJWTEndpoint.swift */ = {isa = PBXFileReference; lastKnownFileType = sourcecode.swift; path = GetJWTEndpoint.swift; sourceTree = "<group>"; };
		48CB9D4D29F05CA5006258C4 /* JWTService.swift */ = {isa = PBXFileReference; lastKnownFileType = sourcecode.swift; path = JWTService.swift; sourceTree = "<group>"; };
		48CB9D4F29F05CB0006258C4 /* JWTServiceProtocol.swift */ = {isa = PBXFileReference; lastKnownFileType = sourcecode.swift; path = JWTServiceProtocol.swift; sourceTree = "<group>"; };
		48CB9D5229F0614D006258C4 /* AccessTokenManager.swift */ = {isa = PBXFileReference; lastKnownFileType = sourcecode.swift; path = AccessTokenManager.swift; sourceTree = "<group>"; };
		48CB9D5829F07718006258C4 /* JWTResponse.swift */ = {isa = PBXFileReference; lastKnownFileType = sourcecode.swift; path = JWTResponse.swift; sourceTree = "<group>"; };
		48CD096529F704D300975EAB /* CarEndpoint.swift */ = {isa = PBXFileReference; lastKnownFileType = sourcecode.swift; path = CarEndpoint.swift; sourceTree = "<group>"; };
		48CD096729F705CC00975EAB /* CarServiceProtocol.swift */ = {isa = PBXFileReference; lastKnownFileType = sourcecode.swift; path = CarServiceProtocol.swift; sourceTree = "<group>"; };
		48CD096929F705D300975EAB /* CarService.swift */ = {isa = PBXFileReference; lastKnownFileType = sourcecode.swift; path = CarService.swift; sourceTree = "<group>"; };
		48CD096B29F7185C00975EAB /* String+Extensions.swift */ = {isa = PBXFileReference; lastKnownFileType = sourcecode.swift; path = "String+Extensions.swift"; sourceTree = "<group>"; };
		48CD096F29F727FB00975EAB /* MockCar.swift */ = {isa = PBXFileReference; lastKnownFileType = sourcecode.swift; path = MockCar.swift; sourceTree = "<group>"; };
		48D1135429E1CA0B009A2ED6 /* GasExpenses.app */ = {isa = PBXFileReference; explicitFileType = wrapper.application; includeInIndex = 0; path = GasExpenses.app; sourceTree = BUILT_PRODUCTS_DIR; };
		48D1135729E1CA0B009A2ED6 /* GasExpensesApp.swift */ = {isa = PBXFileReference; lastKnownFileType = sourcecode.swift; path = GasExpensesApp.swift; sourceTree = "<group>"; };
		48D1135B29E1CA0D009A2ED6 /* Assets.xcassets */ = {isa = PBXFileReference; lastKnownFileType = folder.assetcatalog; path = Assets.xcassets; sourceTree = "<group>"; };
		48D1135E29E1CA0D009A2ED6 /* Preview Assets.xcassets */ = {isa = PBXFileReference; lastKnownFileType = folder.assetcatalog; path = "Preview Assets.xcassets"; sourceTree = "<group>"; };
		48D1136429E1CA0E009A2ED6 /* GasExpensesTests.xctest */ = {isa = PBXFileReference; explicitFileType = wrapper.cfbundle; includeInIndex = 0; path = GasExpensesTests.xctest; sourceTree = BUILT_PRODUCTS_DIR; };
		48D1136E29E1CA0E009A2ED6 /* GasExpensesUITests.xctest */ = {isa = PBXFileReference; explicitFileType = wrapper.cfbundle; includeInIndex = 0; path = GasExpensesUITests.xctest; sourceTree = BUILT_PRODUCTS_DIR; };
		48D1137229E1CA0E009A2ED6 /* GasExpensesUITests.swift */ = {isa = PBXFileReference; lastKnownFileType = sourcecode.swift; path = GasExpensesUITests.swift; sourceTree = "<group>"; };
		48D1137429E1CA0E009A2ED6 /* GasExpensesUITestsLaunchTests.swift */ = {isa = PBXFileReference; lastKnownFileType = sourcecode.swift; path = GasExpensesUITestsLaunchTests.swift; sourceTree = "<group>"; };
		48D1138329E1CD02009A2ED6 /* Car.swift */ = {isa = PBXFileReference; lastKnownFileType = sourcecode.swift; path = Car.swift; sourceTree = "<group>"; };
		48D1138529E1CD59009A2ED6 /* CarTests.swift */ = {isa = PBXFileReference; lastKnownFileType = sourcecode.swift; path = CarTests.swift; sourceTree = "<group>"; };
		48D1138C29E1D377009A2ED6 /* LandingPageView.swift */ = {isa = PBXFileReference; lastKnownFileType = sourcecode.swift; path = LandingPageView.swift; sourceTree = "<group>"; };
		48D1139229E1D3B3009A2ED6 /* TitleAndIconHeaderView.swift */ = {isa = PBXFileReference; lastKnownFileType = sourcecode.swift; path = TitleAndIconHeaderView.swift; sourceTree = "<group>"; };
		48D1139429E1D4C5009A2ED6 /* CardWithTitleView.swift */ = {isa = PBXFileReference; lastKnownFileType = sourcecode.swift; path = CardWithTitleView.swift; sourceTree = "<group>"; };
		48D1139629E1D669009A2ED6 /* Color+Extensions.swift */ = {isa = PBXFileReference; lastKnownFileType = sourcecode.swift; path = "Color+Extensions.swift"; sourceTree = "<group>"; };
		48D1139829E1D919009A2ED6 /* ImageWithGradientView.swift */ = {isa = PBXFileReference; lastKnownFileType = sourcecode.swift; path = ImageWithGradientView.swift; sourceTree = "<group>"; };
		48D1139A29E1DA46009A2ED6 /* CarCardView.swift */ = {isa = PBXFileReference; lastKnownFileType = sourcecode.swift; path = CarCardView.swift; sourceTree = "<group>"; };
		48D1139D29E1DAB7009A2ED6 /* CarCardViewModel.swift */ = {isa = PBXFileReference; lastKnownFileType = sourcecode.swift; path = CarCardViewModel.swift; sourceTree = "<group>"; };
		48DC507229FB1204009F3676 /* AddRefuelView.swift */ = {isa = PBXFileReference; lastKnownFileType = sourcecode.swift; path = AddRefuelView.swift; sourceTree = "<group>"; };
		48DC507529FB15ED009F3676 /* RefuelEndpoint.swift */ = {isa = PBXFileReference; lastKnownFileType = sourcecode.swift; path = RefuelEndpoint.swift; sourceTree = "<group>"; };
		48DC507729FB15F6009F3676 /* RefuelService.swift */ = {isa = PBXFileReference; lastKnownFileType = sourcecode.swift; path = RefuelService.swift; sourceTree = "<group>"; };
		48DC507929FB1602009F3676 /* RefuelServiceProtocol.swift */ = {isa = PBXFileReference; lastKnownFileType = sourcecode.swift; path = RefuelServiceProtocol.swift; sourceTree = "<group>"; };
/* End PBXFileReference section */

/* Begin PBXFrameworksBuildPhase section */
		48D1135129E1CA0B009A2ED6 /* Frameworks */ = {
			isa = PBXFrameworksBuildPhase;
			buildActionMask = 2147483647;
			files = (
			);
			runOnlyForDeploymentPostprocessing = 0;
		};
		48D1136129E1CA0E009A2ED6 /* Frameworks */ = {
			isa = PBXFrameworksBuildPhase;
			buildActionMask = 2147483647;
			files = (
			);
			runOnlyForDeploymentPostprocessing = 0;
		};
		48D1136B29E1CA0E009A2ED6 /* Frameworks */ = {
			isa = PBXFrameworksBuildPhase;
			buildActionMask = 2147483647;
			files = (
			);
			runOnlyForDeploymentPostprocessing = 0;
		};
/* End PBXFrameworksBuildPhase section */

/* Begin PBXGroup section */
		484CBE912A052CA8007AF611 /* Map */ = {
			isa = PBXGroup;
			children = (
				484CBE922A052CB9007AF611 /* ExpenseTypeMapAnnotation.swift */,
				4879B8922A06F561003337D6 /* LocationSelectionView.swift */,
				4879B8942A06F5B3003337D6 /* LocationSelectionViewController.swift */,
			);
			path = Map;
			sourceTree = "<group>";
		};
		485E883929F85A38007B3088 /* Shared */ = {
			isa = PBXGroup;
			children = (
				48BCB60D29E46C8200F01A0E /* BackendEndpoint.swift */,
				48BCB60B29E46C6D00F01A0E /* Endpoint.swift */,
				48BCB60F29E46D1600F01A0E /* HTTPMethod.swift */,
				48BA579529E36B510003D60D /* NetworkEngine.swift */,
				48C234CC29FDC4730077166B /* NetworkEngineError.swift */,
			);
			path = Shared;
			sourceTree = "<group>";
		};
		488F4ACE29E4894A0062BF4B /* MockServices */ = {
			isa = PBXGroup;
			children = (
				488F4ACF29E489590062BF4B /* SelectedCarMockDataStore.swift */,
			);
			path = MockServices;
			sourceTree = "<group>";
		};
		488F4AD229E48AC40062BF4B /* Sources */ = {
			isa = PBXGroup;
			children = (
				488F4AD329E4A2C60062BF4B /* Caching */,
				48BA579429E36B470003D60D /* Network */,
				48BCB61829E4834C00F01A0E /* Extensions */,
				48D1138A29E1D34D009A2ED6 /* Main */,
				48D1138229E1CCFA009A2ED6 /* Model */,
				48C2921529E1E22200FA149A /* Service */,
				48D1138B29E1D353009A2ED6 /* UI */,
			);
			path = Sources;
			sourceTree = "<group>";
		};
		488F4AD329E4A2C60062BF4B /* Caching */ = {
			isa = PBXGroup;
			children = (
				488F4AD429E4A2D10062BF4B /* Cache.swift */,
				488F4AD629E4AA540062BF4B /* CacheEntry.swift */,
				488F4AD829E4AA660062BF4B /* CacheKey.swift */,
			);
			path = Caching;
			sourceTree = "<group>";
		};
		48B3C55929E5E99100612195 /* ExpensesPage */ = {
			isa = PBXGroup;
			children = (
				48B3C55A29E5E99E00612195 /* ExpensesOverviewView.swift */,
				48B3C55C29E5EBA100612195 /* ExpenseRowView.swift */,
				48B3C56029E605C400612195 /* ExpensesFilterSection.swift */,
				48BAF93529E73B9E00FB5527 /* ExpensesOverviewViewModel.swift */,
				48BAF93D29E7488F00FB5527 /* ExpenseFilterView.swift */,
				48BDB53329E9C8F800B9D269 /* AddExpenseView.swift */,
				48C234CA29FDBB530077166B /* AddExpenseViewModel.swift */,
				484CBE8F2A0524EC007AF611 /* ExpenseDetailsView.swift */,
				484CBE942A052D50007AF611 /* ExpenseTypeIcon.swift */,
			);
			path = ExpensesPage;
			sourceTree = "<group>";
		};
		48BA579429E36B470003D60D /* Network */ = {
			isa = PBXGroup;
			children = (
				48DC507429FB15DE009F3676 /* Refuel */,
				48CB9D5129F06142006258C4 /* AccesToken */,
				48CD096429F704C600975EAB /* Car */,
				48EB693429F859FD00FDD9BB /* Expense */,
				485E883929F85A38007B3088 /* Shared */,
				48CB9D4A29F05C91006258C4 /* Signing */,
			);
			path = Network;
			sourceTree = "<group>";
		};
		48BAF92929E71BBD00FB5527 /* CarOverview */ = {
			isa = PBXGroup;
			children = (
				48BAF92529E7160500FB5527 /* CarOverviewView.swift */,
			);
			path = CarOverview;
			sourceTree = "<group>";
		};
		48BAF93029E7220F00FB5527 /* CarDetails */ = {
			isa = PBXGroup;
			children = (
				48BAF93129E7221E00FB5527 /* CarDetailsView.swift */,
				484CBE9F2A058F89007AF611 /* CarDetailsViewModel.swift */,
			);
			path = CarDetails;
			sourceTree = "<group>";
		};
		48BCB61829E4834C00F01A0E /* Extensions */ = {
			isa = PBXGroup;
			children = (
				48BCB61A29E4836700F01A0E /* Foundation */,
				48BCB61929E4836300F01A0E /* UI */,
			);
			path = Extensions;
			sourceTree = "<group>";
		};
		48BCB61929E4836300F01A0E /* UI */ = {
			isa = PBXGroup;
			children = (
				48D1139629E1D669009A2ED6 /* Color+Extensions.swift */,
			);
			path = UI;
			sourceTree = "<group>";
		};
		48BCB61A29E4836700F01A0E /* Foundation */ = {
			isa = PBXGroup;
			children = (
				48BCB61B29E4837500F01A0E /* Double+Extensions.swift */,
				48BAF93729E741BD00FB5527 /* Date+Extensions.swift */,
				48BAF94129E75E8B00FB5527 /* Binding+Extensions.swift */,
				48CD096B29F7185C00975EAB /* String+Extensions.swift */,
			);
			path = Foundation;
			sourceTree = "<group>";
		};
		48C2921529E1E22200FA149A /* Service */ = {
			isa = PBXGroup;
			children = (
				48C2921629E1E23300FA149A /* CarDataSource.swift */,
				488F4ACB29E489130062BF4B /* SelectedCarDataStoreProtocol.swift */,
			);
			path = Service;
			sourceTree = "<group>";
		};
		48CB9D4A29F05C91006258C4 /* Signing */ = {
			isa = PBXGroup;
			children = (
				48CB9D4B29F05C9C006258C4 /* GetJWTEndpoint.swift */,
				48CB9D4D29F05CA5006258C4 /* JWTService.swift */,
				48CB9D4F29F05CB0006258C4 /* JWTServiceProtocol.swift */,
				48CB9D5829F07718006258C4 /* JWTResponse.swift */,
			);
			path = Signing;
			sourceTree = "<group>";
		};
		48CB9D5129F06142006258C4 /* AccesToken */ = {
			isa = PBXGroup;
			children = (
				48CB9D5229F0614D006258C4 /* AccessTokenManager.swift */,
			);
			path = AccesToken;
			sourceTree = "<group>";
		};
		48CD096429F704C600975EAB /* Car */ = {
			isa = PBXGroup;
			children = (
				48CD096529F704D300975EAB /* CarEndpoint.swift */,
				48CD096729F705CC00975EAB /* CarServiceProtocol.swift */,
				48CD096929F705D300975EAB /* CarService.swift */,
			);
			path = Car;
			sourceTree = "<group>";
		};
		48CD096E29F727EE00975EAB /* Models */ = {
			isa = PBXGroup;
			children = (
				48CD096F29F727FB00975EAB /* MockCar.swift */,
			);
			path = Models;
			sourceTree = "<group>";
		};
		48D1134B29E1CA0B009A2ED6 = {
			isa = PBXGroup;
			children = (
				48D1135629E1CA0B009A2ED6 /* GasExpenses */,
				48D1136729E1CA0E009A2ED6 /* GasExpensesTests */,
				48D1137129E1CA0E009A2ED6 /* GasExpensesUITests */,
				48D1135529E1CA0B009A2ED6 /* Products */,
			);
			sourceTree = "<group>";
		};
		48D1135529E1CA0B009A2ED6 /* Products */ = {
			isa = PBXGroup;
			children = (
				48D1135429E1CA0B009A2ED6 /* GasExpenses.app */,
				48D1136429E1CA0E009A2ED6 /* GasExpensesTests.xctest */,
				48D1136E29E1CA0E009A2ED6 /* GasExpensesUITests.xctest */,
			);
			name = Products;
			sourceTree = "<group>";
		};
		48D1135629E1CA0B009A2ED6 /* GasExpenses */ = {
			isa = PBXGroup;
			children = (
				48A027E529EAC9F900515291 /* Info.plist */,
				488F4AD229E48AC40062BF4B /* Sources */,
				48C2922829E1EEC500FA149A /* Localizable.strings */,
				48D1135B29E1CA0D009A2ED6 /* Assets.xcassets */,
				48D1135D29E1CA0D009A2ED6 /* Preview Content */,
			);
			path = GasExpenses;
			sourceTree = "<group>";
		};
		48D1135D29E1CA0D009A2ED6 /* Preview Content */ = {
			isa = PBXGroup;
			children = (
				48D1135E29E1CA0D009A2ED6 /* Preview Assets.xcassets */,
			);
			path = "Preview Content";
			sourceTree = "<group>";
		};
		48D1136729E1CA0E009A2ED6 /* GasExpensesTests */ = {
			isa = PBXGroup;
			children = (
				48CD096E29F727EE00975EAB /* Models */,
				488F4ACE29E4894A0062BF4B /* MockServices */,
				48D1138529E1CD59009A2ED6 /* CarTests.swift */,
				48C60A0D29E203310070AA05 /* CarCardViewModelTests.swift */,
			);
			path = GasExpensesTests;
			sourceTree = "<group>";
		};
		48D1137129E1CA0E009A2ED6 /* GasExpensesUITests */ = {
			isa = PBXGroup;
			children = (
				48D1137229E1CA0E009A2ED6 /* GasExpensesUITests.swift */,
				48D1137429E1CA0E009A2ED6 /* GasExpensesUITestsLaunchTests.swift */,
			);
			path = GasExpensesUITests;
			sourceTree = "<group>";
		};
		48D1138229E1CCFA009A2ED6 /* Model */ = {
			isa = PBXGroup;
			children = (
				48D1138329E1CD02009A2ED6 /* Car.swift */,
				484CBE962A053A89007AF611 /* Expense.swift */,
				484CBE9A2A053AD5007AF611 /* ExpenseType.swift */,
				48BAF92A29E71C7F00FB5527 /* FuelTypes.swift */,
				484CBE982A053A97007AF611 /* Location.swift */,
				484CBE9C2A053B01007AF611 /* Refuel.swift */,
			);
			path = Model;
			sourceTree = "<group>";
		};
		48D1138A29E1D34D009A2ED6 /* Main */ = {
			isa = PBXGroup;
			children = (
				48D1135729E1CA0B009A2ED6 /* GasExpensesApp.swift */,
				48A027E429EAC8EF00515291 /* ConfigurationDebug.xcconfig */,
				48A027E629EACA1200515291 /* Configuration.swift */,
			);
			path = Main;
			sourceTree = "<group>";
		};
		48D1138B29E1D353009A2ED6 /* UI */ = {
			isa = PBXGroup;
			children = (
				48BAF93029E7220F00FB5527 /* CarDetails */,
				48BAF92929E71BBD00FB5527 /* CarOverview */,
				48B3C55929E5E99100612195 /* ExpensesPage */,
				48D1138E29E1D38E009A2ED6 /* LandingPage */,
				48DC507129FB11F4009F3676 /* Refuel */,
				48D1138F29E1D396009A2ED6 /* Shared */,
			);
			path = UI;
			sourceTree = "<group>";
		};
		48D1138E29E1D38E009A2ED6 /* LandingPage */ = {
			isa = PBXGroup;
			children = (
				48C2923029E1FB4600FA149A /* LadingPageActionCardGroup.swift */,
				48D1138C29E1D377009A2ED6 /* LandingPageView.swift */,
				48BCB61329E4753100F01A0E /* LandingPageViewModel.swift */,
				48C7C8C129E8A85800010018 /* CarRowInfoView.swift */,
			);
			path = LandingPage;
			sourceTree = "<group>";
		};
		48D1138F29E1D396009A2ED6 /* Shared */ = {
			isa = PBXGroup;
			children = (
				484CBE912A052CA8007AF611 /* Map */,
				48D1139229E1D3B3009A2ED6 /* TitleAndIconHeaderView.swift */,
				48D1139429E1D4C5009A2ED6 /* CardWithTitleView.swift */,
				48C2922C29E1FA3A00FA149A /* ActionCard.swift */,
				48D1139829E1D919009A2ED6 /* ImageWithGradientView.swift */,
				48D1139C29E1DAAA009A2ED6 /* CarCard */,
				48BAF92729E7175C00FB5527 /* AddCarView.swift */,
				48BAF92C29E71DC500FB5527 /* AddCarViewModel.swift */,
				48BAF92E29E71F0D00FB5527 /* FuelTypeIcon.swift */,
				48BAF93F29E74B6B00FB5527 /* CollapsableCardWithTitleView.swift */,
				48BDB53529E9CC7300B9D269 /* TitleAndTextField.swift */,
			);
			path = Shared;
			sourceTree = "<group>";
		};
		48D1139C29E1DAAA009A2ED6 /* CarCard */ = {
			isa = PBXGroup;
			children = (
				48C2921D29E1E4A600FA149A /* CarCardInfoRowConfiguration.swift */,
				48D1139A29E1DA46009A2ED6 /* CarCardView.swift */,
				48D1139D29E1DAB7009A2ED6 /* CarCardViewModel.swift */,
				48C2921E29E1E4A600FA149A /* CarCardInfoRow.swift */,
			);
			path = CarCard;
			sourceTree = "<group>";
		};
		48DC507129FB11F4009F3676 /* Refuel */ = {
			isa = PBXGroup;
			children = (
				48DC507229FB1204009F3676 /* AddRefuelView.swift */,
			);
			path = Refuel;
			sourceTree = "<group>";
		};
		48DC507429FB15DE009F3676 /* Refuel */ = {
			isa = PBXGroup;
			children = (
				48DC507529FB15ED009F3676 /* RefuelEndpoint.swift */,
				48DC507729FB15F6009F3676 /* RefuelService.swift */,
				48DC507929FB1602009F3676 /* RefuelServiceProtocol.swift */,
			);
			path = Refuel;
			sourceTree = "<group>";
		};
		48EB693429F859FD00FDD9BB /* Expense */ = {
			isa = PBXGroup;
			children = (
				485E883A29F85B20007B3088 /* ExpenseEndpoint.swift */,
				485E883C29F85B68007B3088 /* ExpenseServiceProtocol.swift */,
				485E883E29F85B81007B3088 /* ExpenseService.swift */,
			);
			path = Expense;
			sourceTree = "<group>";
		};
/* End PBXGroup section */

/* Begin PBXNativeTarget section */
		48D1135329E1CA0B009A2ED6 /* GasExpenses */ = {
			isa = PBXNativeTarget;
			buildConfigurationList = 48D1137829E1CA0E009A2ED6 /* Build configuration list for PBXNativeTarget "GasExpenses" */;
			buildPhases = (
				48D1135029E1CA0B009A2ED6 /* Sources */,
				48D1135129E1CA0B009A2ED6 /* Frameworks */,
				48D1135229E1CA0B009A2ED6 /* Resources */,
				488F4ADA29E4B1600062BF4B /* Run SwiftLint */,
			);
			buildRules = (
			);
			dependencies = (
			);
			name = GasExpenses;
			productName = GasExpenses;
			productReference = 48D1135429E1CA0B009A2ED6 /* GasExpenses.app */;
			productType = "com.apple.product-type.application";
		};
		48D1136329E1CA0E009A2ED6 /* GasExpensesTests */ = {
			isa = PBXNativeTarget;
			buildConfigurationList = 48D1137B29E1CA0E009A2ED6 /* Build configuration list for PBXNativeTarget "GasExpensesTests" */;
			buildPhases = (
				48D1136029E1CA0E009A2ED6 /* Sources */,
				48D1136129E1CA0E009A2ED6 /* Frameworks */,
				48D1136229E1CA0E009A2ED6 /* Resources */,
			);
			buildRules = (
			);
			dependencies = (
				48D1136629E1CA0E009A2ED6 /* PBXTargetDependency */,
			);
			name = GasExpensesTests;
			productName = GasExpensesTests;
			productReference = 48D1136429E1CA0E009A2ED6 /* GasExpensesTests.xctest */;
			productType = "com.apple.product-type.bundle.unit-test";
		};
		48D1136D29E1CA0E009A2ED6 /* GasExpensesUITests */ = {
			isa = PBXNativeTarget;
			buildConfigurationList = 48D1137E29E1CA0E009A2ED6 /* Build configuration list for PBXNativeTarget "GasExpensesUITests" */;
			buildPhases = (
				48D1136A29E1CA0E009A2ED6 /* Sources */,
				48D1136B29E1CA0E009A2ED6 /* Frameworks */,
				48D1136C29E1CA0E009A2ED6 /* Resources */,
			);
			buildRules = (
			);
			dependencies = (
				48D1137029E1CA0E009A2ED6 /* PBXTargetDependency */,
			);
			name = GasExpensesUITests;
			productName = GasExpensesUITests;
			productReference = 48D1136E29E1CA0E009A2ED6 /* GasExpensesUITests.xctest */;
			productType = "com.apple.product-type.bundle.ui-testing";
		};
/* End PBXNativeTarget section */

/* Begin PBXProject section */
		48D1134C29E1CA0B009A2ED6 /* Project object */ = {
			isa = PBXProject;
			attributes = {
				BuildIndependentTargetsInParallel = 1;
				LastSwiftUpdateCheck = 1420;
				LastUpgradeCheck = 1420;
				TargetAttributes = {
					48D1135329E1CA0B009A2ED6 = {
						CreatedOnToolsVersion = 14.2;
					};
					48D1136329E1CA0E009A2ED6 = {
						CreatedOnToolsVersion = 14.2;
						TestTargetID = 48D1135329E1CA0B009A2ED6;
					};
					48D1136D29E1CA0E009A2ED6 = {
						CreatedOnToolsVersion = 14.2;
						TestTargetID = 48D1135329E1CA0B009A2ED6;
					};
				};
			};
			buildConfigurationList = 48D1134F29E1CA0B009A2ED6 /* Build configuration list for PBXProject "GasExpenses" */;
			compatibilityVersion = "Xcode 14.0";
			developmentRegion = en;
			hasScannedForEncodings = 0;
			knownRegions = (
				en,
				Base,
				pl,
			);
			mainGroup = 48D1134B29E1CA0B009A2ED6;
			productRefGroup = 48D1135529E1CA0B009A2ED6 /* Products */;
			projectDirPath = "";
			projectRoot = "";
			targets = (
				48D1135329E1CA0B009A2ED6 /* GasExpenses */,
				48D1136329E1CA0E009A2ED6 /* GasExpensesTests */,
				48D1136D29E1CA0E009A2ED6 /* GasExpensesUITests */,
			);
		};
/* End PBXProject section */

/* Begin PBXResourcesBuildPhase section */
		48D1135229E1CA0B009A2ED6 /* Resources */ = {
			isa = PBXResourcesBuildPhase;
			buildActionMask = 2147483647;
			files = (
				48D1135F29E1CA0D009A2ED6 /* Preview Assets.xcassets in Resources */,
				48C2922A29E1EEC500FA149A /* Localizable.strings in Resources */,
				48D1135C29E1CA0D009A2ED6 /* Assets.xcassets in Resources */,
			);
			runOnlyForDeploymentPostprocessing = 0;
		};
		48D1136229E1CA0E009A2ED6 /* Resources */ = {
			isa = PBXResourcesBuildPhase;
			buildActionMask = 2147483647;
			files = (
			);
			runOnlyForDeploymentPostprocessing = 0;
		};
		48D1136C29E1CA0E009A2ED6 /* Resources */ = {
			isa = PBXResourcesBuildPhase;
			buildActionMask = 2147483647;
			files = (
			);
			runOnlyForDeploymentPostprocessing = 0;
		};
/* End PBXResourcesBuildPhase section */

/* Begin PBXShellScriptBuildPhase section */
		488F4ADA29E4B1600062BF4B /* Run SwiftLint */ = {
			isa = PBXShellScriptBuildPhase;
			buildActionMask = 2147483647;
			files = (
			);
			inputFileListPaths = (
			);
			inputPaths = (
			);
			name = "Run SwiftLint";
			outputFileListPaths = (
			);
			outputPaths = (
			);
			runOnlyForDeploymentPostprocessing = 0;
			shellPath = /bin/sh;
			shellScript = "if which swiftlint > /dev/null; then\n  swiftlint\nelse\n  echo \"warning: SwiftLint not installed, download from https://github.com/realm/SwiftLint\"\nfi\n";
		};
/* End PBXShellScriptBuildPhase section */

/* Begin PBXSourcesBuildPhase section */
		48D1135029E1CA0B009A2ED6 /* Sources */ = {
			isa = PBXSourcesBuildPhase;
			buildActionMask = 2147483647;
			files = (
				48BCB61429E4753100F01A0E /* LandingPageViewModel.swift in Sources */,
				488F4AD129E4899F0062BF4B /* SelectedCarMockDataStore.swift in Sources */,
				48B3C55B29E5E99E00612195 /* ExpensesOverviewView.swift in Sources */,
				484CBE9B2A053AD5007AF611 /* ExpenseType.swift in Sources */,
				48B3C55D29E5EBA100612195 /* ExpenseRowView.swift in Sources */,
				48BCB61C29E4837500F01A0E /* Double+Extensions.swift in Sources */,
				48C234CB29FDBB530077166B /* AddExpenseViewModel.swift in Sources */,
				48DC507329FB1204009F3676 /* AddRefuelView.swift in Sources */,
				48CB9D4C29F05C9C006258C4 /* GetJWTEndpoint.swift in Sources */,
				48CD096829F705CC00975EAB /* CarServiceProtocol.swift in Sources */,
				48BAF94029E74B6B00FB5527 /* CollapsableCardWithTitleView.swift in Sources */,
				48BAF92829E7175C00FB5527 /* AddCarView.swift in Sources */,
				488F4AD729E4AA540062BF4B /* CacheEntry.swift in Sources */,
				488F4ACC29E489130062BF4B /* SelectedCarDataStoreProtocol.swift in Sources */,
				484CBE9D2A053B01007AF611 /* Refuel.swift in Sources */,
				488F4AD929E4AA660062BF4B /* CacheKey.swift in Sources */,
				48CD096A29F705D300975EAB /* CarService.swift in Sources */,
				48DC507829FB15F6009F3676 /* RefuelService.swift in Sources */,
				48A027E729EACA1200515291 /* Configuration.swift in Sources */,
				48CB9D4E29F05CA5006258C4 /* JWTService.swift in Sources */,
				48CB9D5029F05CB0006258C4 /* JWTServiceProtocol.swift in Sources */,
				48BAF93E29E7488F00FB5527 /* ExpenseFilterView.swift in Sources */,
				48BCB61029E46D1600F01A0E /* HTTPMethod.swift in Sources */,
				48DC507A29FB1602009F3676 /* RefuelServiceProtocol.swift in Sources */,
				48C2923129E1FB4600FA149A /* LadingPageActionCardGroup.swift in Sources */,
				484CBEA02A058F89007AF611 /* CarDetailsViewModel.swift in Sources */,
				48BAF92F29E71F0D00FB5527 /* FuelTypeIcon.swift in Sources */,
				484CBE972A053A89007AF611 /* Expense.swift in Sources */,
				4879B8952A06F5B3003337D6 /* LocationSelectionViewController.swift in Sources */,
				485E883F29F85B81007B3088 /* ExpenseService.swift in Sources */,
				48CB9D5929F07718006258C4 /* JWTResponse.swift in Sources */,
				48BAF92629E7160500FB5527 /* CarOverviewView.swift in Sources */,
				48D1139329E1D3B3009A2ED6 /* TitleAndIconHeaderView.swift in Sources */,
				48CD096629F704D300975EAB /* CarEndpoint.swift in Sources */,
				484CBE932A052CB9007AF611 /* ExpenseTypeMapAnnotation.swift in Sources */,
				48C7C8C229E8A85800010018 /* CarRowInfoView.swift in Sources */,
				48D1139E29E1DAB7009A2ED6 /* CarCardViewModel.swift in Sources */,
				48D1139529E1D4C5009A2ED6 /* CardWithTitleView.swift in Sources */,
				484CBE992A053A97007AF611 /* Location.swift in Sources */,
				48CB9D5329F0614D006258C4 /* AccessTokenManager.swift in Sources */,
				48D1139B29E1DA46009A2ED6 /* CarCardView.swift in Sources */,
				48C2922029E1E4A600FA149A /* CarCardInfoRow.swift in Sources */,
				48BAF92D29E71DC500FB5527 /* AddCarViewModel.swift in Sources */,
				484CBE902A0524EC007AF611 /* ExpenseDetailsView.swift in Sources */,
				48BAF93829E741BD00FB5527 /* Date+Extensions.swift in Sources */,
				48D1138D29E1D377009A2ED6 /* LandingPageView.swift in Sources */,
				48BDB53629E9CC7300B9D269 /* TitleAndTextField.swift in Sources */,
				48BDB53429E9C8F800B9D269 /* AddExpenseView.swift in Sources */,
				48C2921729E1E23300FA149A /* CarDataSource.swift in Sources */,
				4879B8932A06F561003337D6 /* LocationSelectionView.swift in Sources */,
				48BAF94229E75E8B00FB5527 /* Binding+Extensions.swift in Sources */,
				48BAF93229E7221E00FB5527 /* CarDetailsView.swift in Sources */,
				48DC507629FB15ED009F3676 /* RefuelEndpoint.swift in Sources */,
				48BCB60E29E46C8200F01A0E /* BackendEndpoint.swift in Sources */,
				485E883B29F85B20007B3088 /* ExpenseEndpoint.swift in Sources */,
				48BAF93629E73B9E00FB5527 /* ExpensesOverviewViewModel.swift in Sources */,
				48CD096C29F7185C00975EAB /* String+Extensions.swift in Sources */,
				48D1139729E1D669009A2ED6 /* Color+Extensions.swift in Sources */,
				484CBE952A052D50007AF611 /* ExpenseTypeIcon.swift in Sources */,
				48C2922D29E1FA3A00FA149A /* ActionCard.swift in Sources */,
				48C2921F29E1E4A600FA149A /* CarCardInfoRowConfiguration.swift in Sources */,
				48D1135829E1CA0B009A2ED6 /* GasExpensesApp.swift in Sources */,
				485E883D29F85B68007B3088 /* ExpenseServiceProtocol.swift in Sources */,
				48C234CD29FDC4730077166B /* NetworkEngineError.swift in Sources */,
				48BAF92B29E71C7F00FB5527 /* FuelTypes.swift in Sources */,
				48D1139929E1D919009A2ED6 /* ImageWithGradientView.swift in Sources */,
				488F4AD529E4A2D10062BF4B /* Cache.swift in Sources */,
				48BA579629E36B510003D60D /* NetworkEngine.swift in Sources */,
				48BCB60C29E46C6D00F01A0E /* Endpoint.swift in Sources */,
				48B3C56129E605C400612195 /* ExpensesFilterSection.swift in Sources */,
				48D1138429E1CD02009A2ED6 /* Car.swift in Sources */,
			);
			runOnlyForDeploymentPostprocessing = 0;
		};
		48D1136029E1CA0E009A2ED6 /* Sources */ = {
			isa = PBXSourcesBuildPhase;
			buildActionMask = 2147483647;
			files = (
				48CD097029F727FB00975EAB /* MockCar.swift in Sources */,
				48D1138629E1CD59009A2ED6 /* CarTests.swift in Sources */,
				48BAF93429E7375800FB5527 /* CarDataSource.swift in Sources */,
				488F4AD029E489590062BF4B /* SelectedCarMockDataStore.swift in Sources */,
				48C60A0F29E203690070AA05 /* CarCardViewModel.swift in Sources */,
				48DC507029FB0B0A009F3676 /* CacheEntry.swift in Sources */,
				48BCB61E29E4879200F01A0E /* Double+Extensions.swift in Sources */,
				48DC506E29FB0AEB009F3676 /* Cache.swift in Sources */,
				48C60A1029E203930070AA05 /* CarCardInfoRowConfiguration.swift in Sources */,
				488F4ACD29E4893F0062BF4B /* SelectedCarDataStoreProtocol.swift in Sources */,
				484CBE9E2A058940007AF611 /* Refuel.swift in Sources */,
				48C60A0E29E203310070AA05 /* CarCardViewModelTests.swift in Sources */,
				48DC506F29FB0AFA009F3676 /* CacheKey.swift in Sources */,
				48BAF93329E7374300FB5527 /* FuelTypes.swift in Sources */,
				48D1138729E1CD96009A2ED6 /* Car.swift in Sources */,
				48CD096D29F7272400975EAB /* CarServiceProtocol.swift in Sources */,
			);
			runOnlyForDeploymentPostprocessing = 0;
		};
		48D1136A29E1CA0E009A2ED6 /* Sources */ = {
			isa = PBXSourcesBuildPhase;
			buildActionMask = 2147483647;
			files = (
				48D1137329E1CA0E009A2ED6 /* GasExpensesUITests.swift in Sources */,
				48D1137529E1CA0E009A2ED6 /* GasExpensesUITestsLaunchTests.swift in Sources */,
			);
			runOnlyForDeploymentPostprocessing = 0;
		};
/* End PBXSourcesBuildPhase section */

/* Begin PBXTargetDependency section */
		48D1136629E1CA0E009A2ED6 /* PBXTargetDependency */ = {
			isa = PBXTargetDependency;
			target = 48D1135329E1CA0B009A2ED6 /* GasExpenses */;
			targetProxy = 48D1136529E1CA0E009A2ED6 /* PBXContainerItemProxy */;
		};
		48D1137029E1CA0E009A2ED6 /* PBXTargetDependency */ = {
			isa = PBXTargetDependency;
			target = 48D1135329E1CA0B009A2ED6 /* GasExpenses */;
			targetProxy = 48D1136F29E1CA0E009A2ED6 /* PBXContainerItemProxy */;
		};
/* End PBXTargetDependency section */

/* Begin PBXVariantGroup section */
		48C2922829E1EEC500FA149A /* Localizable.strings */ = {
			isa = PBXVariantGroup;
			children = (
				48C2922929E1EEC500FA149A /* pl */,
				48C2922B29E1F23E00FA149A /* en */,
			);
			name = Localizable.strings;
			sourceTree = "<group>";
		};
/* End PBXVariantGroup section */

/* Begin XCBuildConfiguration section */
		48D1137629E1CA0E009A2ED6 /* Debug */ = {
			isa = XCBuildConfiguration;
			baseConfigurationReference = 48A027E429EAC8EF00515291 /* ConfigurationDebug.xcconfig */;
			buildSettings = {
				ALWAYS_SEARCH_USER_PATHS = NO;
				CLANG_ANALYZER_NONNULL = YES;
				CLANG_ANALYZER_NUMBER_OBJECT_CONVERSION = YES_AGGRESSIVE;
				CLANG_CXX_LANGUAGE_STANDARD = "gnu++20";
				CLANG_ENABLE_MODULES = YES;
				CLANG_ENABLE_OBJC_ARC = YES;
				CLANG_ENABLE_OBJC_WEAK = YES;
				CLANG_WARN_BLOCK_CAPTURE_AUTORELEASING = YES;
				CLANG_WARN_BOOL_CONVERSION = YES;
				CLANG_WARN_COMMA = YES;
				CLANG_WARN_CONSTANT_CONVERSION = YES;
				CLANG_WARN_DEPRECATED_OBJC_IMPLEMENTATIONS = YES;
				CLANG_WARN_DIRECT_OBJC_ISA_USAGE = YES_ERROR;
				CLANG_WARN_DOCUMENTATION_COMMENTS = YES;
				CLANG_WARN_EMPTY_BODY = YES;
				CLANG_WARN_ENUM_CONVERSION = YES;
				CLANG_WARN_INFINITE_RECURSION = YES;
				CLANG_WARN_INT_CONVERSION = YES;
				CLANG_WARN_NON_LITERAL_NULL_CONVERSION = YES;
				CLANG_WARN_OBJC_IMPLICIT_RETAIN_SELF = YES;
				CLANG_WARN_OBJC_LITERAL_CONVERSION = YES;
				CLANG_WARN_OBJC_ROOT_CLASS = YES_ERROR;
				CLANG_WARN_QUOTED_INCLUDE_IN_FRAMEWORK_HEADER = YES;
				CLANG_WARN_RANGE_LOOP_ANALYSIS = YES;
				CLANG_WARN_STRICT_PROTOTYPES = YES;
				CLANG_WARN_SUSPICIOUS_MOVE = YES;
				CLANG_WARN_UNGUARDED_AVAILABILITY = YES_AGGRESSIVE;
				CLANG_WARN_UNREACHABLE_CODE = YES;
				CLANG_WARN__DUPLICATE_METHOD_MATCH = YES;
				COPY_PHASE_STRIP = NO;
				DEBUG_INFORMATION_FORMAT = dwarf;
				ENABLE_STRICT_OBJC_MSGSEND = YES;
				ENABLE_TESTABILITY = YES;
				GCC_C_LANGUAGE_STANDARD = gnu11;
				GCC_DYNAMIC_NO_PIC = NO;
				GCC_NO_COMMON_BLOCKS = YES;
				GCC_OPTIMIZATION_LEVEL = 0;
				GCC_PREPROCESSOR_DEFINITIONS = (
					"DEBUG=1",
					"$(inherited)",
				);
				GCC_WARN_64_TO_32_BIT_CONVERSION = YES;
				GCC_WARN_ABOUT_RETURN_TYPE = YES_ERROR;
				GCC_WARN_UNDECLARED_SELECTOR = YES;
				GCC_WARN_UNINITIALIZED_AUTOS = YES_AGGRESSIVE;
				GCC_WARN_UNUSED_FUNCTION = YES;
				GCC_WARN_UNUSED_VARIABLE = YES;
				IPHONEOS_DEPLOYMENT_TARGET = 16.2;
				MTL_ENABLE_DEBUG_INFO = INCLUDE_SOURCE;
				MTL_FAST_MATH = YES;
				ONLY_ACTIVE_ARCH = YES;
				SDKROOT = iphoneos;
				SWIFT_ACTIVE_COMPILATION_CONDITIONS = DEBUG;
				SWIFT_OPTIMIZATION_LEVEL = "-Onone";
			};
			name = Debug;
		};
		48D1137729E1CA0E009A2ED6 /* Release */ = {
			isa = XCBuildConfiguration;
			buildSettings = {
				ALWAYS_SEARCH_USER_PATHS = NO;
				CLANG_ANALYZER_NONNULL = YES;
				CLANG_ANALYZER_NUMBER_OBJECT_CONVERSION = YES_AGGRESSIVE;
				CLANG_CXX_LANGUAGE_STANDARD = "gnu++20";
				CLANG_ENABLE_MODULES = YES;
				CLANG_ENABLE_OBJC_ARC = YES;
				CLANG_ENABLE_OBJC_WEAK = YES;
				CLANG_WARN_BLOCK_CAPTURE_AUTORELEASING = YES;
				CLANG_WARN_BOOL_CONVERSION = YES;
				CLANG_WARN_COMMA = YES;
				CLANG_WARN_CONSTANT_CONVERSION = YES;
				CLANG_WARN_DEPRECATED_OBJC_IMPLEMENTATIONS = YES;
				CLANG_WARN_DIRECT_OBJC_ISA_USAGE = YES_ERROR;
				CLANG_WARN_DOCUMENTATION_COMMENTS = YES;
				CLANG_WARN_EMPTY_BODY = YES;
				CLANG_WARN_ENUM_CONVERSION = YES;
				CLANG_WARN_INFINITE_RECURSION = YES;
				CLANG_WARN_INT_CONVERSION = YES;
				CLANG_WARN_NON_LITERAL_NULL_CONVERSION = YES;
				CLANG_WARN_OBJC_IMPLICIT_RETAIN_SELF = YES;
				CLANG_WARN_OBJC_LITERAL_CONVERSION = YES;
				CLANG_WARN_OBJC_ROOT_CLASS = YES_ERROR;
				CLANG_WARN_QUOTED_INCLUDE_IN_FRAMEWORK_HEADER = YES;
				CLANG_WARN_RANGE_LOOP_ANALYSIS = YES;
				CLANG_WARN_STRICT_PROTOTYPES = YES;
				CLANG_WARN_SUSPICIOUS_MOVE = YES;
				CLANG_WARN_UNGUARDED_AVAILABILITY = YES_AGGRESSIVE;
				CLANG_WARN_UNREACHABLE_CODE = YES;
				CLANG_WARN__DUPLICATE_METHOD_MATCH = YES;
				COPY_PHASE_STRIP = NO;
				DEBUG_INFORMATION_FORMAT = "dwarf-with-dsym";
				ENABLE_NS_ASSERTIONS = NO;
				ENABLE_STRICT_OBJC_MSGSEND = YES;
				GCC_C_LANGUAGE_STANDARD = gnu11;
				GCC_NO_COMMON_BLOCKS = YES;
				GCC_WARN_64_TO_32_BIT_CONVERSION = YES;
				GCC_WARN_ABOUT_RETURN_TYPE = YES_ERROR;
				GCC_WARN_UNDECLARED_SELECTOR = YES;
				GCC_WARN_UNINITIALIZED_AUTOS = YES_AGGRESSIVE;
				GCC_WARN_UNUSED_FUNCTION = YES;
				GCC_WARN_UNUSED_VARIABLE = YES;
				IPHONEOS_DEPLOYMENT_TARGET = 16.2;
				MTL_ENABLE_DEBUG_INFO = NO;
				MTL_FAST_MATH = YES;
				SDKROOT = iphoneos;
				SWIFT_COMPILATION_MODE = wholemodule;
				SWIFT_OPTIMIZATION_LEVEL = "-O";
				VALIDATE_PRODUCT = YES;
			};
			name = Release;
		};
		48D1137929E1CA0E009A2ED6 /* Debug */ = {
			isa = XCBuildConfiguration;
			buildSettings = {
				ASSETCATALOG_COMPILER_APPICON_NAME = AppIcon;
				ASSETCATALOG_COMPILER_GLOBAL_ACCENT_COLOR_NAME = AccentColor;
				CODE_SIGN_STYLE = Automatic;
				CURRENT_PROJECT_VERSION = 1;
				DEVELOPMENT_ASSET_PATHS = "\"GasExpenses/Preview Content\"";
				DEVELOPMENT_TEAM = 843LVGZ3SS;
				ENABLE_PREVIEWS = YES;
				GENERATE_INFOPLIST_FILE = YES;
				INFOPLIST_FILE = GasExpenses/Info.plist;
				INFOPLIST_KEY_UIApplicationSceneManifest_Generation = YES;
				INFOPLIST_KEY_UIApplicationSupportsIndirectInputEvents = YES;
				INFOPLIST_KEY_UILaunchScreen_Generation = YES;
				INFOPLIST_KEY_UISupportedInterfaceOrientations_iPad = "UIInterfaceOrientationPortrait UIInterfaceOrientationPortraitUpsideDown UIInterfaceOrientationLandscapeLeft UIInterfaceOrientationLandscapeRight";
				INFOPLIST_KEY_UISupportedInterfaceOrientations_iPhone = "UIInterfaceOrientationPortrait UIInterfaceOrientationLandscapeLeft UIInterfaceOrientationLandscapeRight";
				IPHONEOS_DEPLOYMENT_TARGET = 16.0;
				LD_RUNPATH_SEARCH_PATHS = (
					"$(inherited)",
					"@executable_path/Frameworks",
				);
				MARKETING_VERSION = 1.0;
				PRODUCT_BUNDLE_IDENTIFIER = mbz.GasExpenses;
				PRODUCT_NAME = "$(TARGET_NAME)";
				SWIFT_EMIT_LOC_STRINGS = YES;
				SWIFT_VERSION = 5.0;
				TARGETED_DEVICE_FAMILY = "1,2";
			};
			name = Debug;
		};
		48D1137A29E1CA0E009A2ED6 /* Release */ = {
			isa = XCBuildConfiguration;
			buildSettings = {
				ASSETCATALOG_COMPILER_APPICON_NAME = AppIcon;
				ASSETCATALOG_COMPILER_GLOBAL_ACCENT_COLOR_NAME = AccentColor;
				CODE_SIGN_STYLE = Automatic;
				CURRENT_PROJECT_VERSION = 1;
				DEVELOPMENT_ASSET_PATHS = "\"GasExpenses/Preview Content\"";
				DEVELOPMENT_TEAM = 843LVGZ3SS;
				ENABLE_PREVIEWS = YES;
				GENERATE_INFOPLIST_FILE = YES;
				INFOPLIST_FILE = GasExpenses/Info.plist;
				INFOPLIST_KEY_UIApplicationSceneManifest_Generation = YES;
				INFOPLIST_KEY_UIApplicationSupportsIndirectInputEvents = YES;
				INFOPLIST_KEY_UILaunchScreen_Generation = YES;
				INFOPLIST_KEY_UISupportedInterfaceOrientations_iPad = "UIInterfaceOrientationPortrait UIInterfaceOrientationPortraitUpsideDown UIInterfaceOrientationLandscapeLeft UIInterfaceOrientationLandscapeRight";
				INFOPLIST_KEY_UISupportedInterfaceOrientations_iPhone = "UIInterfaceOrientationPortrait UIInterfaceOrientationLandscapeLeft UIInterfaceOrientationLandscapeRight";
				IPHONEOS_DEPLOYMENT_TARGET = 16.0;
				LD_RUNPATH_SEARCH_PATHS = (
					"$(inherited)",
					"@executable_path/Frameworks",
				);
				MARKETING_VERSION = 1.0;
				PRODUCT_BUNDLE_IDENTIFIER = mbz.GasExpenses;
				PRODUCT_NAME = "$(TARGET_NAME)";
				SWIFT_EMIT_LOC_STRINGS = YES;
				SWIFT_VERSION = 5.0;
				TARGETED_DEVICE_FAMILY = "1,2";
			};
			name = Release;
		};
		48D1137C29E1CA0E009A2ED6 /* Debug */ = {
			isa = XCBuildConfiguration;
			buildSettings = {
				ALWAYS_EMBED_SWIFT_STANDARD_LIBRARIES = YES;
				BUNDLE_LOADER = "$(TEST_HOST)";
				CODE_SIGN_STYLE = Automatic;
				CURRENT_PROJECT_VERSION = 1;
				DEVELOPMENT_TEAM = 843LVGZ3SS;
				GENERATE_INFOPLIST_FILE = YES;
				IPHONEOS_DEPLOYMENT_TARGET = 16.2;
				MARKETING_VERSION = 1.0;
				PRODUCT_BUNDLE_IDENTIFIER = mbz.GasExpensesTests;
				PRODUCT_NAME = "$(TARGET_NAME)";
				SWIFT_EMIT_LOC_STRINGS = NO;
				SWIFT_VERSION = 5.0;
				TARGETED_DEVICE_FAMILY = "1,2";
				TEST_HOST = "$(BUILT_PRODUCTS_DIR)/GasExpenses.app/$(BUNDLE_EXECUTABLE_FOLDER_PATH)/GasExpenses";
			};
			name = Debug;
		};
		48D1137D29E1CA0E009A2ED6 /* Release */ = {
			isa = XCBuildConfiguration;
			buildSettings = {
				ALWAYS_EMBED_SWIFT_STANDARD_LIBRARIES = YES;
				BUNDLE_LOADER = "$(TEST_HOST)";
				CODE_SIGN_STYLE = Automatic;
				CURRENT_PROJECT_VERSION = 1;
				DEVELOPMENT_TEAM = 843LVGZ3SS;
				GENERATE_INFOPLIST_FILE = YES;
				IPHONEOS_DEPLOYMENT_TARGET = 16.2;
				MARKETING_VERSION = 1.0;
				PRODUCT_BUNDLE_IDENTIFIER = mbz.GasExpensesTests;
				PRODUCT_NAME = "$(TARGET_NAME)";
				SWIFT_EMIT_LOC_STRINGS = NO;
				SWIFT_VERSION = 5.0;
				TARGETED_DEVICE_FAMILY = "1,2";
				TEST_HOST = "$(BUILT_PRODUCTS_DIR)/GasExpenses.app/$(BUNDLE_EXECUTABLE_FOLDER_PATH)/GasExpenses";
			};
			name = Release;
		};
		48D1137F29E1CA0E009A2ED6 /* Debug */ = {
			isa = XCBuildConfiguration;
			buildSettings = {
				ALWAYS_EMBED_SWIFT_STANDARD_LIBRARIES = YES;
				CODE_SIGN_STYLE = Automatic;
				CURRENT_PROJECT_VERSION = 1;
				DEVELOPMENT_TEAM = 843LVGZ3SS;
				GENERATE_INFOPLIST_FILE = YES;
				MARKETING_VERSION = 1.0;
				PRODUCT_BUNDLE_IDENTIFIER = mbz.GasExpensesUITests;
				PRODUCT_NAME = "$(TARGET_NAME)";
				SWIFT_EMIT_LOC_STRINGS = NO;
				SWIFT_VERSION = 5.0;
				TARGETED_DEVICE_FAMILY = "1,2";
				TEST_TARGET_NAME = GasExpenses;
			};
			name = Debug;
		};
		48D1138029E1CA0E009A2ED6 /* Release */ = {
			isa = XCBuildConfiguration;
			buildSettings = {
				ALWAYS_EMBED_SWIFT_STANDARD_LIBRARIES = YES;
				CODE_SIGN_STYLE = Automatic;
				CURRENT_PROJECT_VERSION = 1;
				DEVELOPMENT_TEAM = 843LVGZ3SS;
				GENERATE_INFOPLIST_FILE = YES;
				MARKETING_VERSION = 1.0;
				PRODUCT_BUNDLE_IDENTIFIER = mbz.GasExpensesUITests;
				PRODUCT_NAME = "$(TARGET_NAME)";
				SWIFT_EMIT_LOC_STRINGS = NO;
				SWIFT_VERSION = 5.0;
				TARGETED_DEVICE_FAMILY = "1,2";
				TEST_TARGET_NAME = GasExpenses;
			};
			name = Release;
		};
/* End XCBuildConfiguration section */

/* Begin XCConfigurationList section */
		48D1134F29E1CA0B009A2ED6 /* Build configuration list for PBXProject "GasExpenses" */ = {
			isa = XCConfigurationList;
			buildConfigurations = (
				48D1137629E1CA0E009A2ED6 /* Debug */,
				48D1137729E1CA0E009A2ED6 /* Release */,
			);
			defaultConfigurationIsVisible = 0;
			defaultConfigurationName = Release;
		};
		48D1137829E1CA0E009A2ED6 /* Build configuration list for PBXNativeTarget "GasExpenses" */ = {
			isa = XCConfigurationList;
			buildConfigurations = (
				48D1137929E1CA0E009A2ED6 /* Debug */,
				48D1137A29E1CA0E009A2ED6 /* Release */,
			);
			defaultConfigurationIsVisible = 0;
			defaultConfigurationName = Release;
		};
		48D1137B29E1CA0E009A2ED6 /* Build configuration list for PBXNativeTarget "GasExpensesTests" */ = {
			isa = XCConfigurationList;
			buildConfigurations = (
				48D1137C29E1CA0E009A2ED6 /* Debug */,
				48D1137D29E1CA0E009A2ED6 /* Release */,
			);
			defaultConfigurationIsVisible = 0;
			defaultConfigurationName = Release;
		};
		48D1137E29E1CA0E009A2ED6 /* Build configuration list for PBXNativeTarget "GasExpensesUITests" */ = {
			isa = XCConfigurationList;
			buildConfigurations = (
				48D1137F29E1CA0E009A2ED6 /* Debug */,
				48D1138029E1CA0E009A2ED6 /* Release */,
			);
			defaultConfigurationIsVisible = 0;
			defaultConfigurationName = Release;
		};
/* End XCConfigurationList section */
	};
	rootObject = 48D1134C29E1CA0B009A2ED6 /* Project object */;
}
