// !$*UTF8*$!
{
	archiveVersion = 1;
	classes = {
	};
	objectVersion = 56;
	objects = {

/* Begin PBXBuildFile section */
		488F4ACC29E489130062BF4B /* SelectedCarDataStoreProtocol.swift in Sources */ = {isa = PBXBuildFile; fileRef = 488F4ACB29E489130062BF4B /* SelectedCarDataStoreProtocol.swift */; };
		488F4ACD29E4893F0062BF4B /* SelectedCarDataStoreProtocol.swift in Sources */ = {isa = PBXBuildFile; fileRef = 488F4ACB29E489130062BF4B /* SelectedCarDataStoreProtocol.swift */; };
		488F4AD029E489590062BF4B /* SelectedCarMockDataStore.swift in Sources */ = {isa = PBXBuildFile; fileRef = 488F4ACF29E489590062BF4B /* SelectedCarMockDataStore.swift */; };
		488F4AD129E4899F0062BF4B /* SelectedCarMockDataStore.swift in Sources */ = {isa = PBXBuildFile; fileRef = 488F4ACF29E489590062BF4B /* SelectedCarMockDataStore.swift */; };
		488F4AD529E4A2D10062BF4B /* Cache.swift in Sources */ = {isa = PBXBuildFile; fileRef = 488F4AD429E4A2D10062BF4B /* Cache.swift */; };
		488F4AD729E4AA540062BF4B /* CacheEntry.swift in Sources */ = {isa = PBXBuildFile; fileRef = 488F4AD629E4AA540062BF4B /* CacheEntry.swift */; };
		488F4AD929E4AA660062BF4B /* CacheKey.swift in Sources */ = {isa = PBXBuildFile; fileRef = 488F4AD829E4AA660062BF4B /* CacheKey.swift */; };
		48BA579629E36B510003D60D /* NetworkEngine.swift in Sources */ = {isa = PBXBuildFile; fileRef = 48BA579529E36B510003D60D /* NetworkEngine.swift */; };
		48BCB60C29E46C6D00F01A0E /* Endpoint.swift in Sources */ = {isa = PBXBuildFile; fileRef = 48BCB60B29E46C6D00F01A0E /* Endpoint.swift */; };
		48BCB60E29E46C8200F01A0E /* BackendEndpoint.swift in Sources */ = {isa = PBXBuildFile; fileRef = 48BCB60D29E46C8200F01A0E /* BackendEndpoint.swift */; };
		48BCB61029E46D1600F01A0E /* HTTPMethod.swift in Sources */ = {isa = PBXBuildFile; fileRef = 48BCB60F29E46D1600F01A0E /* HTTPMethod.swift */; };
		48BCB61429E4753100F01A0E /* LandingPageViewModel.swift in Sources */ = {isa = PBXBuildFile; fileRef = 48BCB61329E4753100F01A0E /* LandingPageViewModel.swift */; };
		48BCB61629E47BB900F01A0E /* SelectedCarDataStore.swift in Sources */ = {isa = PBXBuildFile; fileRef = 48BCB61529E47BB900F01A0E /* SelectedCarDataStore.swift */; };
		48BCB61C29E4837500F01A0E /* Double+Extensions.swift in Sources */ = {isa = PBXBuildFile; fileRef = 48BCB61B29E4837500F01A0E /* Double+Extensions.swift */; };
		48BCB61E29E4879200F01A0E /* Double+Extensions.swift in Sources */ = {isa = PBXBuildFile; fileRef = 48BCB61B29E4837500F01A0E /* Double+Extensions.swift */; };
		48C2921729E1E23300FA149A /* CarDataSource.swift in Sources */ = {isa = PBXBuildFile; fileRef = 48C2921629E1E23300FA149A /* CarDataSource.swift */; };
		48C2921F29E1E4A600FA149A /* CarCardInfoRowConfiguration.swift in Sources */ = {isa = PBXBuildFile; fileRef = 48C2921D29E1E4A600FA149A /* CarCardInfoRowConfiguration.swift */; };
		48C2922029E1E4A600FA149A /* CarCardInfoRow.swift in Sources */ = {isa = PBXBuildFile; fileRef = 48C2921E29E1E4A600FA149A /* CarCardInfoRow.swift */; };
		48C2922A29E1EEC500FA149A /* Localizable.strings in Resources */ = {isa = PBXBuildFile; fileRef = 48C2922829E1EEC500FA149A /* Localizable.strings */; };
		48C2922D29E1FA3A00FA149A /* ActionCard.swift in Sources */ = {isa = PBXBuildFile; fileRef = 48C2922C29E1FA3A00FA149A /* ActionCard.swift */; };
		48C2923129E1FB4600FA149A /* LadingPageActionCardGroup.swift in Sources */ = {isa = PBXBuildFile; fileRef = 48C2923029E1FB4600FA149A /* LadingPageActionCardGroup.swift */; };
		48C60A0E29E203310070AA05 /* CarCardViewModelTests.swift in Sources */ = {isa = PBXBuildFile; fileRef = 48C60A0D29E203310070AA05 /* CarCardViewModelTests.swift */; };
		48C60A0F29E203690070AA05 /* CarCardViewModel.swift in Sources */ = {isa = PBXBuildFile; fileRef = 48D1139D29E1DAB7009A2ED6 /* CarCardViewModel.swift */; };
		48C60A1029E203930070AA05 /* CarCardInfoRowConfiguration.swift in Sources */ = {isa = PBXBuildFile; fileRef = 48C2921D29E1E4A600FA149A /* CarCardInfoRowConfiguration.swift */; };
		48D1135829E1CA0B009A2ED6 /* GasExpensesApp.swift in Sources */ = {isa = PBXBuildFile; fileRef = 48D1135729E1CA0B009A2ED6 /* GasExpensesApp.swift */; };
		48D1135A29E1CA0B009A2ED6 /* ContentView.swift in Sources */ = {isa = PBXBuildFile; fileRef = 48D1135929E1CA0B009A2ED6 /* ContentView.swift */; };
		48D1135C29E1CA0D009A2ED6 /* Assets.xcassets in Resources */ = {isa = PBXBuildFile; fileRef = 48D1135B29E1CA0D009A2ED6 /* Assets.xcassets */; };
		48D1135F29E1CA0D009A2ED6 /* Preview Assets.xcassets in Resources */ = {isa = PBXBuildFile; fileRef = 48D1135E29E1CA0D009A2ED6 /* Preview Assets.xcassets */; };
		48D1137329E1CA0E009A2ED6 /* GasExpensesUITests.swift in Sources */ = {isa = PBXBuildFile; fileRef = 48D1137229E1CA0E009A2ED6 /* GasExpensesUITests.swift */; };
		48D1137529E1CA0E009A2ED6 /* GasExpensesUITestsLaunchTests.swift in Sources */ = {isa = PBXBuildFile; fileRef = 48D1137429E1CA0E009A2ED6 /* GasExpensesUITestsLaunchTests.swift */; };
		48D1138429E1CD02009A2ED6 /* Car.swift in Sources */ = {isa = PBXBuildFile; fileRef = 48D1138329E1CD02009A2ED6 /* Car.swift */; };
		48D1138629E1CD59009A2ED6 /* CarTests.swift in Sources */ = {isa = PBXBuildFile; fileRef = 48D1138529E1CD59009A2ED6 /* CarTests.swift */; };
		48D1138729E1CD96009A2ED6 /* Car.swift in Sources */ = {isa = PBXBuildFile; fileRef = 48D1138329E1CD02009A2ED6 /* Car.swift */; };
		48D1138D29E1D377009A2ED6 /* LandingPageView.swift in Sources */ = {isa = PBXBuildFile; fileRef = 48D1138C29E1D377009A2ED6 /* LandingPageView.swift */; };
		48D1139329E1D3B3009A2ED6 /* TitleAndIconHeaderView.swift in Sources */ = {isa = PBXBuildFile; fileRef = 48D1139229E1D3B3009A2ED6 /* TitleAndIconHeaderView.swift */; };
		48D1139529E1D4C5009A2ED6 /* CardWithTitleView.swift in Sources */ = {isa = PBXBuildFile; fileRef = 48D1139429E1D4C5009A2ED6 /* CardWithTitleView.swift */; };
		48D1139729E1D669009A2ED6 /* Color+Extensions.swift in Sources */ = {isa = PBXBuildFile; fileRef = 48D1139629E1D669009A2ED6 /* Color+Extensions.swift */; };
		48D1139929E1D919009A2ED6 /* ImageWithGradientView.swift in Sources */ = {isa = PBXBuildFile; fileRef = 48D1139829E1D919009A2ED6 /* ImageWithGradientView.swift */; };
		48D1139B29E1DA46009A2ED6 /* CarCardView.swift in Sources */ = {isa = PBXBuildFile; fileRef = 48D1139A29E1DA46009A2ED6 /* CarCardView.swift */; };
		48D1139E29E1DAB7009A2ED6 /* CarCardViewModel.swift in Sources */ = {isa = PBXBuildFile; fileRef = 48D1139D29E1DAB7009A2ED6 /* CarCardViewModel.swift */; };
/* End PBXBuildFile section */

/* Begin PBXContainerItemProxy section */
		48D1136529E1CA0E009A2ED6 /* PBXContainerItemProxy */ = {
			isa = PBXContainerItemProxy;
			containerPortal = 48D1134C29E1CA0B009A2ED6 /* Project object */;
			proxyType = 1;
			remoteGlobalIDString = 48D1135329E1CA0B009A2ED6;
			remoteInfo = GasExpenses;
		};
		48D1136F29E1CA0E009A2ED6 /* PBXContainerItemProxy */ = {
			isa = PBXContainerItemProxy;
			containerPortal = 48D1134C29E1CA0B009A2ED6 /* Project object */;
			proxyType = 1;
			remoteGlobalIDString = 48D1135329E1CA0B009A2ED6;
			remoteInfo = GasExpenses;
		};
/* End PBXContainerItemProxy section */

/* Begin PBXFileReference section */
		488F4ACB29E489130062BF4B /* SelectedCarDataStoreProtocol.swift */ = {isa = PBXFileReference; lastKnownFileType = sourcecode.swift; path = SelectedCarDataStoreProtocol.swift; sourceTree = "<group>"; };
		488F4ACF29E489590062BF4B /* SelectedCarMockDataStore.swift */ = {isa = PBXFileReference; lastKnownFileType = sourcecode.swift; path = SelectedCarMockDataStore.swift; sourceTree = "<group>"; };
		488F4AD429E4A2D10062BF4B /* Cache.swift */ = {isa = PBXFileReference; lastKnownFileType = sourcecode.swift; path = Cache.swift; sourceTree = "<group>"; };
		488F4AD629E4AA540062BF4B /* CacheEntry.swift */ = {isa = PBXFileReference; lastKnownFileType = sourcecode.swift; path = CacheEntry.swift; sourceTree = "<group>"; };
		488F4AD829E4AA660062BF4B /* CacheKey.swift */ = {isa = PBXFileReference; lastKnownFileType = sourcecode.swift; path = CacheKey.swift; sourceTree = "<group>"; };
		48BA579529E36B510003D60D /* NetworkEngine.swift */ = {isa = PBXFileReference; lastKnownFileType = sourcecode.swift; path = NetworkEngine.swift; sourceTree = "<group>"; };
		48BCB60B29E46C6D00F01A0E /* Endpoint.swift */ = {isa = PBXFileReference; lastKnownFileType = sourcecode.swift; path = Endpoint.swift; sourceTree = "<group>"; };
		48BCB60D29E46C8200F01A0E /* BackendEndpoint.swift */ = {isa = PBXFileReference; lastKnownFileType = sourcecode.swift; path = BackendEndpoint.swift; sourceTree = "<group>"; };
		48BCB60F29E46D1600F01A0E /* HTTPMethod.swift */ = {isa = PBXFileReference; lastKnownFileType = sourcecode.swift; path = HTTPMethod.swift; sourceTree = "<group>"; };
		48BCB61329E4753100F01A0E /* LandingPageViewModel.swift */ = {isa = PBXFileReference; lastKnownFileType = sourcecode.swift; path = LandingPageViewModel.swift; sourceTree = "<group>"; };
		48BCB61529E47BB900F01A0E /* SelectedCarDataStore.swift */ = {isa = PBXFileReference; lastKnownFileType = sourcecode.swift; path = SelectedCarDataStore.swift; sourceTree = "<group>"; };
		48BCB61B29E4837500F01A0E /* Double+Extensions.swift */ = {isa = PBXFileReference; lastKnownFileType = sourcecode.swift; path = "Double+Extensions.swift"; sourceTree = "<group>"; };
		48C2921629E1E23300FA149A /* CarDataSource.swift */ = {isa = PBXFileReference; lastKnownFileType = sourcecode.swift; path = CarDataSource.swift; sourceTree = "<group>"; };
		48C2921D29E1E4A600FA149A /* CarCardInfoRowConfiguration.swift */ = {isa = PBXFileReference; fileEncoding = 4; lastKnownFileType = sourcecode.swift; path = CarCardInfoRowConfiguration.swift; sourceTree = "<group>"; };
		48C2921E29E1E4A600FA149A /* CarCardInfoRow.swift */ = {isa = PBXFileReference; fileEncoding = 4; lastKnownFileType = sourcecode.swift; path = CarCardInfoRow.swift; sourceTree = "<group>"; };
		48C2922929E1EEC500FA149A /* pl */ = {isa = PBXFileReference; lastKnownFileType = text.plist.strings; name = pl; path = pl.lproj/Localizable.strings; sourceTree = "<group>"; };
		48C2922B29E1F23E00FA149A /* en */ = {isa = PBXFileReference; lastKnownFileType = text.plist.strings; name = en; path = en.lproj/Localizable.strings; sourceTree = "<group>"; };
		48C2922C29E1FA3A00FA149A /* ActionCard.swift */ = {isa = PBXFileReference; lastKnownFileType = sourcecode.swift; path = ActionCard.swift; sourceTree = "<group>"; };
		48C2923029E1FB4600FA149A /* LadingPageActionCardGroup.swift */ = {isa = PBXFileReference; lastKnownFileType = sourcecode.swift; path = LadingPageActionCardGroup.swift; sourceTree = "<group>"; };
		48C60A0D29E203310070AA05 /* CarCardViewModelTests.swift */ = {isa = PBXFileReference; lastKnownFileType = sourcecode.swift; path = CarCardViewModelTests.swift; sourceTree = "<group>"; };
		48D1135429E1CA0B009A2ED6 /* GasExpenses.app */ = {isa = PBXFileReference; explicitFileType = wrapper.application; includeInIndex = 0; path = GasExpenses.app; sourceTree = BUILT_PRODUCTS_DIR; };
		48D1135729E1CA0B009A2ED6 /* GasExpensesApp.swift */ = {isa = PBXFileReference; lastKnownFileType = sourcecode.swift; path = GasExpensesApp.swift; sourceTree = "<group>"; };
		48D1135929E1CA0B009A2ED6 /* ContentView.swift */ = {isa = PBXFileReference; lastKnownFileType = sourcecode.swift; path = ContentView.swift; sourceTree = "<group>"; };
		48D1135B29E1CA0D009A2ED6 /* Assets.xcassets */ = {isa = PBXFileReference; lastKnownFileType = folder.assetcatalog; path = Assets.xcassets; sourceTree = "<group>"; };
		48D1135E29E1CA0D009A2ED6 /* Preview Assets.xcassets */ = {isa = PBXFileReference; lastKnownFileType = folder.assetcatalog; path = "Preview Assets.xcassets"; sourceTree = "<group>"; };
		48D1136429E1CA0E009A2ED6 /* GasExpensesTests.xctest */ = {isa = PBXFileReference; explicitFileType = wrapper.cfbundle; includeInIndex = 0; path = GasExpensesTests.xctest; sourceTree = BUILT_PRODUCTS_DIR; };
		48D1136E29E1CA0E009A2ED6 /* GasExpensesUITests.xctest */ = {isa = PBXFileReference; explicitFileType = wrapper.cfbundle; includeInIndex = 0; path = GasExpensesUITests.xctest; sourceTree = BUILT_PRODUCTS_DIR; };
		48D1137229E1CA0E009A2ED6 /* GasExpensesUITests.swift */ = {isa = PBXFileReference; lastKnownFileType = sourcecode.swift; path = GasExpensesUITests.swift; sourceTree = "<group>"; };
		48D1137429E1CA0E009A2ED6 /* GasExpensesUITestsLaunchTests.swift */ = {isa = PBXFileReference; lastKnownFileType = sourcecode.swift; path = GasExpensesUITestsLaunchTests.swift; sourceTree = "<group>"; };
		48D1138329E1CD02009A2ED6 /* Car.swift */ = {isa = PBXFileReference; lastKnownFileType = sourcecode.swift; path = Car.swift; sourceTree = "<group>"; };
		48D1138529E1CD59009A2ED6 /* CarTests.swift */ = {isa = PBXFileReference; lastKnownFileType = sourcecode.swift; path = CarTests.swift; sourceTree = "<group>"; };
		48D1138C29E1D377009A2ED6 /* LandingPageView.swift */ = {isa = PBXFileReference; lastKnownFileType = sourcecode.swift; path = LandingPageView.swift; sourceTree = "<group>"; };
		48D1139229E1D3B3009A2ED6 /* TitleAndIconHeaderView.swift */ = {isa = PBXFileReference; lastKnownFileType = sourcecode.swift; path = TitleAndIconHeaderView.swift; sourceTree = "<group>"; };
		48D1139429E1D4C5009A2ED6 /* CardWithTitleView.swift */ = {isa = PBXFileReference; lastKnownFileType = sourcecode.swift; path = CardWithTitleView.swift; sourceTree = "<group>"; };
		48D1139629E1D669009A2ED6 /* Color+Extensions.swift */ = {isa = PBXFileReference; lastKnownFileType = sourcecode.swift; path = "Color+Extensions.swift"; sourceTree = "<group>"; };
		48D1139829E1D919009A2ED6 /* ImageWithGradientView.swift */ = {isa = PBXFileReference; lastKnownFileType = sourcecode.swift; path = ImageWithGradientView.swift; sourceTree = "<group>"; };
		48D1139A29E1DA46009A2ED6 /* CarCardView.swift */ = {isa = PBXFileReference; lastKnownFileType = sourcecode.swift; path = CarCardView.swift; sourceTree = "<group>"; };
		48D1139D29E1DAB7009A2ED6 /* CarCardViewModel.swift */ = {isa = PBXFileReference; lastKnownFileType = sourcecode.swift; path = CarCardViewModel.swift; sourceTree = "<group>"; };
/* End PBXFileReference section */

/* Begin PBXFrameworksBuildPhase section */
		48D1135129E1CA0B009A2ED6 /* Frameworks */ = {
			isa = PBXFrameworksBuildPhase;
			buildActionMask = 2147483647;
			files = (
			);
			runOnlyForDeploymentPostprocessing = 0;
		};
		48D1136129E1CA0E009A2ED6 /* Frameworks */ = {
			isa = PBXFrameworksBuildPhase;
			buildActionMask = 2147483647;
			files = (
			);
			runOnlyForDeploymentPostprocessing = 0;
		};
		48D1136B29E1CA0E009A2ED6 /* Frameworks */ = {
			isa = PBXFrameworksBuildPhase;
			buildActionMask = 2147483647;
			files = (
			);
			runOnlyForDeploymentPostprocessing = 0;
		};
/* End PBXFrameworksBuildPhase section */

/* Begin PBXGroup section */
		488F4ACE29E4894A0062BF4B /* MockServices */ = {
			isa = PBXGroup;
			children = (
				488F4ACF29E489590062BF4B /* SelectedCarMockDataStore.swift */,
			);
			path = MockServices;
			sourceTree = "<group>";
		};
		488F4AD229E48AC40062BF4B /* Sources */ = {
			isa = PBXGroup;
			children = (
				488F4AD329E4A2C60062BF4B /* Caching */,
				48BA579429E36B470003D60D /* Network */,
				48BCB61829E4834C00F01A0E /* Extensions */,
				48D1138A29E1D34D009A2ED6 /* Main */,
				48D1138229E1CCFA009A2ED6 /* Model */,
				48C2921529E1E22200FA149A /* Service */,
				48D1138B29E1D353009A2ED6 /* UI */,
			);
			path = Sources;
			sourceTree = "<group>";
		};
		488F4AD329E4A2C60062BF4B /* Caching */ = {
			isa = PBXGroup;
			children = (
				488F4AD429E4A2D10062BF4B /* Cache.swift */,
				488F4AD629E4AA540062BF4B /* CacheEntry.swift */,
				488F4AD829E4AA660062BF4B /* CacheKey.swift */,
			);
			path = Caching;
			sourceTree = "<group>";
		};
		48BA579429E36B470003D60D /* Network */ = {
			isa = PBXGroup;
			children = (
				48BA579529E36B510003D60D /* NetworkEngine.swift */,
				48BCB60B29E46C6D00F01A0E /* Endpoint.swift */,
				48BCB60D29E46C8200F01A0E /* BackendEndpoint.swift */,
				48BCB60F29E46D1600F01A0E /* HTTPMethod.swift */,
			);
			path = Network;
			sourceTree = "<group>";
		};
		48BCB61829E4834C00F01A0E /* Extensions */ = {
			isa = PBXGroup;
			children = (
				48BCB61A29E4836700F01A0E /* Foundation */,
				48BCB61929E4836300F01A0E /* UI */,
			);
			path = Extensions;
			sourceTree = "<group>";
		};
		48BCB61929E4836300F01A0E /* UI */ = {
			isa = PBXGroup;
			children = (
				48D1139629E1D669009A2ED6 /* Color+Extensions.swift */,
			);
			path = UI;
			sourceTree = "<group>";
		};
		48BCB61A29E4836700F01A0E /* Foundation */ = {
			isa = PBXGroup;
			children = (
				48BCB61B29E4837500F01A0E /* Double+Extensions.swift */,
			);
			path = Foundation;
			sourceTree = "<group>";
		};
		48C2921529E1E22200FA149A /* Service */ = {
			isa = PBXGroup;
			children = (
				48BCB61529E47BB900F01A0E /* SelectedCarDataStore.swift */,
				48C2921629E1E23300FA149A /* CarDataSource.swift */,
				488F4ACB29E489130062BF4B /* SelectedCarDataStoreProtocol.swift */,
			);
			path = Service;
			sourceTree = "<group>";
		};
		48D1134B29E1CA0B009A2ED6 = {
			isa = PBXGroup;
			children = (
				48D1135629E1CA0B009A2ED6 /* GasExpenses */,
				48D1136729E1CA0E009A2ED6 /* GasExpensesTests */,
				48D1137129E1CA0E009A2ED6 /* GasExpensesUITests */,
				48D1135529E1CA0B009A2ED6 /* Products */,
			);
			sourceTree = "<group>";
		};
		48D1135529E1CA0B009A2ED6 /* Products */ = {
			isa = PBXGroup;
			children = (
				48D1135429E1CA0B009A2ED6 /* GasExpenses.app */,
				48D1136429E1CA0E009A2ED6 /* GasExpensesTests.xctest */,
				48D1136E29E1CA0E009A2ED6 /* GasExpensesUITests.xctest */,
			);
			name = Products;
			sourceTree = "<group>";
		};
		48D1135629E1CA0B009A2ED6 /* GasExpenses */ = {
			isa = PBXGroup;
			children = (
				488F4AD229E48AC40062BF4B /* Sources */,
				48C2922829E1EEC500FA149A /* Localizable.strings */,
				48D1135B29E1CA0D009A2ED6 /* Assets.xcassets */,
				48D1135D29E1CA0D009A2ED6 /* Preview Content */,
			);
			path = GasExpenses;
			sourceTree = "<group>";
		};
		48D1135D29E1CA0D009A2ED6 /* Preview Content */ = {
			isa = PBXGroup;
			children = (
				48D1135E29E1CA0D009A2ED6 /* Preview Assets.xcassets */,
			);
			path = "Preview Content";
			sourceTree = "<group>";
		};
		48D1136729E1CA0E009A2ED6 /* GasExpensesTests */ = {
			isa = PBXGroup;
			children = (
				488F4ACE29E4894A0062BF4B /* MockServices */,
				48D1138529E1CD59009A2ED6 /* CarTests.swift */,
				48C60A0D29E203310070AA05 /* CarCardViewModelTests.swift */,
			);
			path = GasExpensesTests;
			sourceTree = "<group>";
		};
		48D1137129E1CA0E009A2ED6 /* GasExpensesUITests */ = {
			isa = PBXGroup;
			children = (
				48D1137229E1CA0E009A2ED6 /* GasExpensesUITests.swift */,
				48D1137429E1CA0E009A2ED6 /* GasExpensesUITestsLaunchTests.swift */,
			);
			path = GasExpensesUITests;
			sourceTree = "<group>";
		};
		48D1138229E1CCFA009A2ED6 /* Model */ = {
			isa = PBXGroup;
			children = (
				48D1138329E1CD02009A2ED6 /* Car.swift */,
			);
			path = Model;
			sourceTree = "<group>";
		};
		48D1138A29E1D34D009A2ED6 /* Main */ = {
			isa = PBXGroup;
			children = (
				48D1135729E1CA0B009A2ED6 /* GasExpensesApp.swift */,
			);
			path = Main;
			sourceTree = "<group>";
		};
		48D1138B29E1D353009A2ED6 /* UI */ = {
			isa = PBXGroup;
			children = (
				48D1138F29E1D396009A2ED6 /* Shared */,
				48D1138E29E1D38E009A2ED6 /* LandingPage */,
				48D1135929E1CA0B009A2ED6 /* ContentView.swift */,
			);
			path = UI;
			sourceTree = "<group>";
		};
		48D1138E29E1D38E009A2ED6 /* LandingPage */ = {
			isa = PBXGroup;
			children = (
				48C2923029E1FB4600FA149A /* LadingPageActionCardGroup.swift */,
				48D1138C29E1D377009A2ED6 /* LandingPageView.swift */,
				48BCB61329E4753100F01A0E /* LandingPageViewModel.swift */,
			);
			path = LandingPage;
			sourceTree = "<group>";
		};
		48D1138F29E1D396009A2ED6 /* Shared */ = {
			isa = PBXGroup;
			children = (
				48D1139229E1D3B3009A2ED6 /* TitleAndIconHeaderView.swift */,
				48D1139429E1D4C5009A2ED6 /* CardWithTitleView.swift */,
				48C2922C29E1FA3A00FA149A /* ActionCard.swift */,
				48D1139829E1D919009A2ED6 /* ImageWithGradientView.swift */,
				48D1139C29E1DAAA009A2ED6 /* CarCard */,
			);
			path = Shared;
			sourceTree = "<group>";
		};
		48D1139C29E1DAAA009A2ED6 /* CarCard */ = {
			isa = PBXGroup;
			children = (
				48C2921D29E1E4A600FA149A /* CarCardInfoRowConfiguration.swift */,
				48D1139A29E1DA46009A2ED6 /* CarCardView.swift */,
				48D1139D29E1DAB7009A2ED6 /* CarCardViewModel.swift */,
				48C2921E29E1E4A600FA149A /* CarCardInfoRow.swift */,
			);
			path = CarCard;
			sourceTree = "<group>";
		};
/* End PBXGroup section */

/* Begin PBXNativeTarget section */
		48D1135329E1CA0B009A2ED6 /* GasExpenses */ = {
			isa = PBXNativeTarget;
			buildConfigurationList = 48D1137829E1CA0E009A2ED6 /* Build configuration list for PBXNativeTarget "GasExpenses" */;
			buildPhases = (
				48D1135029E1CA0B009A2ED6 /* Sources */,
				48D1135129E1CA0B009A2ED6 /* Frameworks */,
				48D1135229E1CA0B009A2ED6 /* Resources */,
				488F4ADA29E4B1600062BF4B /* ShellScript */,
			);
			buildRules = (
			);
			dependencies = (
			);
			name = GasExpenses;
			productName = GasExpenses;
			productReference = 48D1135429E1CA0B009A2ED6 /* GasExpenses.app */;
			productType = "com.apple.product-type.application";
		};
		48D1136329E1CA0E009A2ED6 /* GasExpensesTests */ = {
			isa = PBXNativeTarget;
			buildConfigurationList = 48D1137B29E1CA0E009A2ED6 /* Build configuration list for PBXNativeTarget "GasExpensesTests" */;
			buildPhases = (
				48D1136029E1CA0E009A2ED6 /* Sources */,
				48D1136129E1CA0E009A2ED6 /* Frameworks */,
				48D1136229E1CA0E009A2ED6 /* Resources */,
			);
			buildRules = (
			);
			dependencies = (
				48D1136629E1CA0E009A2ED6 /* PBXTargetDependency */,
			);
			name = GasExpensesTests;
			productName = GasExpensesTests;
			productReference = 48D1136429E1CA0E009A2ED6 /* GasExpensesTests.xctest */;
			productType = "com.apple.product-type.bundle.unit-test";
		};
		48D1136D29E1CA0E009A2ED6 /* GasExpensesUITests */ = {
			isa = PBXNativeTarget;
			buildConfigurationList = 48D1137E29E1CA0E009A2ED6 /* Build configuration list for PBXNativeTarget "GasExpensesUITests" */;
			buildPhases = (
				48D1136A29E1CA0E009A2ED6 /* Sources */,
				48D1136B29E1CA0E009A2ED6 /* Frameworks */,
				48D1136C29E1CA0E009A2ED6 /* Resources */,
			);
			buildRules = (
			);
			dependencies = (
				48D1137029E1CA0E009A2ED6 /* PBXTargetDependency */,
			);
			name = GasExpensesUITests;
			productName = GasExpensesUITests;
			productReference = 48D1136E29E1CA0E009A2ED6 /* GasExpensesUITests.xctest */;
			productType = "com.apple.product-type.bundle.ui-testing";
		};
/* End PBXNativeTarget section */

/* Begin PBXProject section */
		48D1134C29E1CA0B009A2ED6 /* Project object */ = {
			isa = PBXProject;
			attributes = {
				BuildIndependentTargetsInParallel = 1;
				LastSwiftUpdateCheck = 1420;
				LastUpgradeCheck = 1420;
				TargetAttributes = {
					48D1135329E1CA0B009A2ED6 = {
						CreatedOnToolsVersion = 14.2;
					};
					48D1136329E1CA0E009A2ED6 = {
						CreatedOnToolsVersion = 14.2;
						TestTargetID = 48D1135329E1CA0B009A2ED6;
					};
					48D1136D29E1CA0E009A2ED6 = {
						CreatedOnToolsVersion = 14.2;
						TestTargetID = 48D1135329E1CA0B009A2ED6;
					};
				};
			};
			buildConfigurationList = 48D1134F29E1CA0B009A2ED6 /* Build configuration list for PBXProject "GasExpenses" */;
			compatibilityVersion = "Xcode 14.0";
			developmentRegion = en;
			hasScannedForEncodings = 0;
			knownRegions = (
				en,
				Base,
				pl,
			);
			mainGroup = 48D1134B29E1CA0B009A2ED6;
			productRefGroup = 48D1135529E1CA0B009A2ED6 /* Products */;
			projectDirPath = "";
			projectRoot = "";
			targets = (
				48D1135329E1CA0B009A2ED6 /* GasExpenses */,
				48D1136329E1CA0E009A2ED6 /* GasExpensesTests */,
				48D1136D29E1CA0E009A2ED6 /* GasExpensesUITests */,
			);
		};
/* End PBXProject section */

/* Begin PBXResourcesBuildPhase section */
		48D1135229E1CA0B009A2ED6 /* Resources */ = {
			isa = PBXResourcesBuildPhase;
			buildActionMask = 2147483647;
			files = (
				48D1135F29E1CA0D009A2ED6 /* Preview Assets.xcassets in Resources */,
				48C2922A29E1EEC500FA149A /* Localizable.strings in Resources */,
				48D1135C29E1CA0D009A2ED6 /* Assets.xcassets in Resources */,
			);
			runOnlyForDeploymentPostprocessing = 0;
		};
		48D1136229E1CA0E009A2ED6 /* Resources */ = {
			isa = PBXResourcesBuildPhase;
			buildActionMask = 2147483647;
			files = (
			);
			runOnlyForDeploymentPostprocessing = 0;
		};
		48D1136C29E1CA0E009A2ED6 /* Resources */ = {
			isa = PBXResourcesBuildPhase;
			buildActionMask = 2147483647;
			files = (
			);
			runOnlyForDeploymentPostprocessing = 0;
		};
/* End PBXResourcesBuildPhase section */

/* Begin PBXShellScriptBuildPhase section */
		488F4ADA29E4B1600062BF4B /* ShellScript */ = {
			isa = PBXShellScriptBuildPhase;
			buildActionMask = 2147483647;
			files = (
			);
			inputFileListPaths = (
			);
			inputPaths = (
			);
			outputFileListPaths = (
			);
			outputPaths = (
			);
			runOnlyForDeploymentPostprocessing = 0;
			shellPath = /bin/sh;
			shellScript = "# Type a script or drag a script file from your workspace to insert its path.\nif which swiftlint >/dev/null; then\n  swiftlint\nelse\n  echo \"warning: SwiftLint not installed, download from https://github.com/realm/SwiftLint\"\nfi\n";
		};
/* End PBXShellScriptBuildPhase section */

/* Begin PBXSourcesBuildPhase section */
		48D1135029E1CA0B009A2ED6 /* Sources */ = {
			isa = PBXSourcesBuildPhase;
			buildActionMask = 2147483647;
			files = (
				48BCB61429E4753100F01A0E /* LandingPageViewModel.swift in Sources */,
				488F4AD129E4899F0062BF4B /* SelectedCarMockDataStore.swift in Sources */,
				48BCB61C29E4837500F01A0E /* Double+Extensions.swift in Sources */,
				488F4AD729E4AA540062BF4B /* CacheEntry.swift in Sources */,
				488F4ACC29E489130062BF4B /* SelectedCarDataStoreProtocol.swift in Sources */,
				488F4AD929E4AA660062BF4B /* CacheKey.swift in Sources */,
				48BCB61029E46D1600F01A0E /* HTTPMethod.swift in Sources */,
				48C2923129E1FB4600FA149A /* LadingPageActionCardGroup.swift in Sources */,
				48D1139329E1D3B3009A2ED6 /* TitleAndIconHeaderView.swift in Sources */,
				48D1139E29E1DAB7009A2ED6 /* CarCardViewModel.swift in Sources */,
				48D1139529E1D4C5009A2ED6 /* CardWithTitleView.swift in Sources */,
				48D1139B29E1DA46009A2ED6 /* CarCardView.swift in Sources */,
				48C2922029E1E4A600FA149A /* CarCardInfoRow.swift in Sources */,
				48D1135A29E1CA0B009A2ED6 /* ContentView.swift in Sources */,
				48D1138D29E1D377009A2ED6 /* LandingPageView.swift in Sources */,
				48C2921729E1E23300FA149A /* CarDataSource.swift in Sources */,
				48BCB60E29E46C8200F01A0E /* BackendEndpoint.swift in Sources */,
				48D1139729E1D669009A2ED6 /* Color+Extensions.swift in Sources */,
				48C2922D29E1FA3A00FA149A /* ActionCard.swift in Sources */,
				48C2921F29E1E4A600FA149A /* CarCardInfoRowConfiguration.swift in Sources */,
				48D1135829E1CA0B009A2ED6 /* GasExpensesApp.swift in Sources */,
				48BCB61629E47BB900F01A0E /* SelectedCarDataStore.swift in Sources */,
				48D1139929E1D919009A2ED6 /* ImageWithGradientView.swift in Sources */,
				488F4AD529E4A2D10062BF4B /* Cache.swift in Sources */,
				48BA579629E36B510003D60D /* NetworkEngine.swift in Sources */,
				48BCB60C29E46C6D00F01A0E /* Endpoint.swift in Sources */,
				48D1138429E1CD02009A2ED6 /* Car.swift in Sources */,
			);
			runOnlyForDeploymentPostprocessing = 0;
		};
		48D1136029E1CA0E009A2ED6 /* Sources */ = {
			isa = PBXSourcesBuildPhase;
			buildActionMask = 2147483647;
			files = (
				48D1138629E1CD59009A2ED6 /* CarTests.swift in Sources */,
				488F4AD029E489590062BF4B /* SelectedCarMockDataStore.swift in Sources */,
				48C60A0F29E203690070AA05 /* CarCardViewModel.swift in Sources */,
				48BCB61E29E4879200F01A0E /* Double+Extensions.swift in Sources */,
				48C60A1029E203930070AA05 /* CarCardInfoRowConfiguration.swift in Sources */,
				488F4ACD29E4893F0062BF4B /* SelectedCarDataStoreProtocol.swift in Sources */,
				48C60A0E29E203310070AA05 /* CarCardViewModelTests.swift in Sources */,
				48D1138729E1CD96009A2ED6 /* Car.swift in Sources */,
			);
			runOnlyForDeploymentPostprocessing = 0;
		};
		48D1136A29E1CA0E009A2ED6 /* Sources */ = {
			isa = PBXSourcesBuildPhase;
			buildActionMask = 2147483647;
			files = (
				48D1137329E1CA0E009A2ED6 /* GasExpensesUITests.swift in Sources */,
				48D1137529E1CA0E009A2ED6 /* GasExpensesUITestsLaunchTests.swift in Sources */,
			);
			runOnlyForDeploymentPostprocessing = 0;
		};
/* End PBXSourcesBuildPhase section */

/* Begin PBXTargetDependency section */
		48D1136629E1CA0E009A2ED6 /* PBXTargetDependency */ = {
			isa = PBXTargetDependency;
			target = 48D1135329E1CA0B009A2ED6 /* GasExpenses */;
			targetProxy = 48D1136529E1CA0E009A2ED6 /* PBXContainerItemProxy */;
		};
		48D1137029E1CA0E009A2ED6 /* PBXTargetDependency */ = {
			isa = PBXTargetDependency;
			target = 48D1135329E1CA0B009A2ED6 /* GasExpenses */;
			targetProxy = 48D1136F29E1CA0E009A2ED6 /* PBXContainerItemProxy */;
		};
/* End PBXTargetDependency section */

/* Begin PBXVariantGroup section */
		48C2922829E1EEC500FA149A /* Localizable.strings */ = {
			isa = PBXVariantGroup;
			children = (
				48C2922929E1EEC500FA149A /* pl */,
				48C2922B29E1F23E00FA149A /* en */,
			);
			name = Localizable.strings;
			sourceTree = "<group>";
		};
/* End PBXVariantGroup section */

/* Begin XCBuildConfiguration section */
		48D1137629E1CA0E009A2ED6 /* Debug */ = {
			isa = XCBuildConfiguration;
			buildSettings = {
				ALWAYS_SEARCH_USER_PATHS = NO;
				CLANG_ANALYZER_NONNULL = YES;
				CLANG_ANALYZER_NUMBER_OBJECT_CONVERSION = YES_AGGRESSIVE;
				CLANG_CXX_LANGUAGE_STANDARD = "gnu++20";
				CLANG_ENABLE_MODULES = YES;
				CLANG_ENABLE_OBJC_ARC = YES;
				CLANG_ENABLE_OBJC_WEAK = YES;
				CLANG_WARN_BLOCK_CAPTURE_AUTORELEASING = YES;
				CLANG_WARN_BOOL_CONVERSION = YES;
				CLANG_WARN_COMMA = YES;
				CLANG_WARN_CONSTANT_CONVERSION = YES;
				CLANG_WARN_DEPRECATED_OBJC_IMPLEMENTATIONS = YES;
				CLANG_WARN_DIRECT_OBJC_ISA_USAGE = YES_ERROR;
				CLANG_WARN_DOCUMENTATION_COMMENTS = YES;
				CLANG_WARN_EMPTY_BODY = YES;
				CLANG_WARN_ENUM_CONVERSION = YES;
				CLANG_WARN_INFINITE_RECURSION = YES;
				CLANG_WARN_INT_CONVERSION = YES;
				CLANG_WARN_NON_LITERAL_NULL_CONVERSION = YES;
				CLANG_WARN_OBJC_IMPLICIT_RETAIN_SELF = YES;
				CLANG_WARN_OBJC_LITERAL_CONVERSION = YES;
				CLANG_WARN_OBJC_ROOT_CLASS = YES_ERROR;
				CLANG_WARN_QUOTED_INCLUDE_IN_FRAMEWORK_HEADER = YES;
				CLANG_WARN_RANGE_LOOP_ANALYSIS = YES;
				CLANG_WARN_STRICT_PROTOTYPES = YES;
				CLANG_WARN_SUSPICIOUS_MOVE = YES;
				CLANG_WARN_UNGUARDED_AVAILABILITY = YES_AGGRESSIVE;
				CLANG_WARN_UNREACHABLE_CODE = YES;
				CLANG_WARN__DUPLICATE_METHOD_MATCH = YES;
				COPY_PHASE_STRIP = NO;
				DEBUG_INFORMATION_FORMAT = dwarf;
				ENABLE_STRICT_OBJC_MSGSEND = YES;
				ENABLE_TESTABILITY = YES;
				GCC_C_LANGUAGE_STANDARD = gnu11;
				GCC_DYNAMIC_NO_PIC = NO;
				GCC_NO_COMMON_BLOCKS = YES;
				GCC_OPTIMIZATION_LEVEL = 0;
				GCC_PREPROCESSOR_DEFINITIONS = (
					"DEBUG=1",
					"$(inherited)",
				);
				GCC_WARN_64_TO_32_BIT_CONVERSION = YES;
				GCC_WARN_ABOUT_RETURN_TYPE = YES_ERROR;
				GCC_WARN_UNDECLARED_SELECTOR = YES;
				GCC_WARN_UNINITIALIZED_AUTOS = YES_AGGRESSIVE;
				GCC_WARN_UNUSED_FUNCTION = YES;
				GCC_WARN_UNUSED_VARIABLE = YES;
				IPHONEOS_DEPLOYMENT_TARGET = 16.2;
				MTL_ENABLE_DEBUG_INFO = INCLUDE_SOURCE;
				MTL_FAST_MATH = YES;
				ONLY_ACTIVE_ARCH = YES;
				SDKROOT = iphoneos;
				SWIFT_ACTIVE_COMPILATION_CONDITIONS = DEBUG;
				SWIFT_OPTIMIZATION_LEVEL = "-Onone";
			};
			name = Debug;
		};
		48D1137729E1CA0E009A2ED6 /* Release */ = {
			isa = XCBuildConfiguration;
			buildSettings = {
				ALWAYS_SEARCH_USER_PATHS = NO;
				CLANG_ANALYZER_NONNULL = YES;
				CLANG_ANALYZER_NUMBER_OBJECT_CONVERSION = YES_AGGRESSIVE;
				CLANG_CXX_LANGUAGE_STANDARD = "gnu++20";
				CLANG_ENABLE_MODULES = YES;
				CLANG_ENABLE_OBJC_ARC = YES;
				CLANG_ENABLE_OBJC_WEAK = YES;
				CLANG_WARN_BLOCK_CAPTURE_AUTORELEASING = YES;
				CLANG_WARN_BOOL_CONVERSION = YES;
				CLANG_WARN_COMMA = YES;
				CLANG_WARN_CONSTANT_CONVERSION = YES;
				CLANG_WARN_DEPRECATED_OBJC_IMPLEMENTATIONS = YES;
				CLANG_WARN_DIRECT_OBJC_ISA_USAGE = YES_ERROR;
				CLANG_WARN_DOCUMENTATION_COMMENTS = YES;
				CLANG_WARN_EMPTY_BODY = YES;
				CLANG_WARN_ENUM_CONVERSION = YES;
				CLANG_WARN_INFINITE_RECURSION = YES;
				CLANG_WARN_INT_CONVERSION = YES;
				CLANG_WARN_NON_LITERAL_NULL_CONVERSION = YES;
				CLANG_WARN_OBJC_IMPLICIT_RETAIN_SELF = YES;
				CLANG_WARN_OBJC_LITERAL_CONVERSION = YES;
				CLANG_WARN_OBJC_ROOT_CLASS = YES_ERROR;
				CLANG_WARN_QUOTED_INCLUDE_IN_FRAMEWORK_HEADER = YES;
				CLANG_WARN_RANGE_LOOP_ANALYSIS = YES;
				CLANG_WARN_STRICT_PROTOTYPES = YES;
				CLANG_WARN_SUSPICIOUS_MOVE = YES;
				CLANG_WARN_UNGUARDED_AVAILABILITY = YES_AGGRESSIVE;
				CLANG_WARN_UNREACHABLE_CODE = YES;
				CLANG_WARN__DUPLICATE_METHOD_MATCH = YES;
				COPY_PHASE_STRIP = NO;
				DEBUG_INFORMATION_FORMAT = "dwarf-with-dsym";
				ENABLE_NS_ASSERTIONS = NO;
				ENABLE_STRICT_OBJC_MSGSEND = YES;
				GCC_C_LANGUAGE_STANDARD = gnu11;
				GCC_NO_COMMON_BLOCKS = YES;
				GCC_WARN_64_TO_32_BIT_CONVERSION = YES;
				GCC_WARN_ABOUT_RETURN_TYPE = YES_ERROR;
				GCC_WARN_UNDECLARED_SELECTOR = YES;
				GCC_WARN_UNINITIALIZED_AUTOS = YES_AGGRESSIVE;
				GCC_WARN_UNUSED_FUNCTION = YES;
				GCC_WARN_UNUSED_VARIABLE = YES;
				IPHONEOS_DEPLOYMENT_TARGET = 16.2;
				MTL_ENABLE_DEBUG_INFO = NO;
				MTL_FAST_MATH = YES;
				SDKROOT = iphoneos;
				SWIFT_COMPILATION_MODE = wholemodule;
				SWIFT_OPTIMIZATION_LEVEL = "-O";
				VALIDATE_PRODUCT = YES;
			};
			name = Release;
		};
		48D1137929E1CA0E009A2ED6 /* Debug */ = {
			isa = XCBuildConfiguration;
			buildSettings = {
				ASSETCATALOG_COMPILER_APPICON_NAME = AppIcon;
				ASSETCATALOG_COMPILER_GLOBAL_ACCENT_COLOR_NAME = AccentColor;
				CODE_SIGN_STYLE = Automatic;
				CURRENT_PROJECT_VERSION = 1;
				DEVELOPMENT_ASSET_PATHS = "\"GasExpenses/Preview Content\"";
				DEVELOPMENT_TEAM = 843LVGZ3SS;
				ENABLE_PREVIEWS = YES;
				GENERATE_INFOPLIST_FILE = YES;
				INFOPLIST_KEY_UIApplicationSceneManifest_Generation = YES;
				INFOPLIST_KEY_UIApplicationSupportsIndirectInputEvents = YES;
				INFOPLIST_KEY_UILaunchScreen_Generation = YES;
				INFOPLIST_KEY_UISupportedInterfaceOrientations_iPad = "UIInterfaceOrientationPortrait UIInterfaceOrientationPortraitUpsideDown UIInterfaceOrientationLandscapeLeft UIInterfaceOrientationLandscapeRight";
				INFOPLIST_KEY_UISupportedInterfaceOrientations_iPhone = "UIInterfaceOrientationPortrait UIInterfaceOrientationLandscapeLeft UIInterfaceOrientationLandscapeRight";
				LD_RUNPATH_SEARCH_PATHS = (
					"$(inherited)",
					"@executable_path/Frameworks",
				);
				MARKETING_VERSION = 1.0;
				PRODUCT_BUNDLE_IDENTIFIER = mbz.GasExpenses;
				PRODUCT_NAME = "$(TARGET_NAME)";
				SWIFT_EMIT_LOC_STRINGS = YES;
				SWIFT_VERSION = 5.0;
				TARGETED_DEVICE_FAMILY = "1,2";
			};
			name = Debug;
		};
		48D1137A29E1CA0E009A2ED6 /* Release */ = {
			isa = XCBuildConfiguration;
			buildSettings = {
				ASSETCATALOG_COMPILER_APPICON_NAME = AppIcon;
				ASSETCATALOG_COMPILER_GLOBAL_ACCENT_COLOR_NAME = AccentColor;
				CODE_SIGN_STYLE = Automatic;
				CURRENT_PROJECT_VERSION = 1;
				DEVELOPMENT_ASSET_PATHS = "\"GasExpenses/Preview Content\"";
				DEVELOPMENT_TEAM = 843LVGZ3SS;
				ENABLE_PREVIEWS = YES;
				GENERATE_INFOPLIST_FILE = YES;
				INFOPLIST_KEY_UIApplicationSceneManifest_Generation = YES;
				INFOPLIST_KEY_UIApplicationSupportsIndirectInputEvents = YES;
				INFOPLIST_KEY_UILaunchScreen_Generation = YES;
				INFOPLIST_KEY_UISupportedInterfaceOrientations_iPad = "UIInterfaceOrientationPortrait UIInterfaceOrientationPortraitUpsideDown UIInterfaceOrientationLandscapeLeft UIInterfaceOrientationLandscapeRight";
				INFOPLIST_KEY_UISupportedInterfaceOrientations_iPhone = "UIInterfaceOrientationPortrait UIInterfaceOrientationLandscapeLeft UIInterfaceOrientationLandscapeRight";
				LD_RUNPATH_SEARCH_PATHS = (
					"$(inherited)",
					"@executable_path/Frameworks",
				);
				MARKETING_VERSION = 1.0;
				PRODUCT_BUNDLE_IDENTIFIER = mbz.GasExpenses;
				PRODUCT_NAME = "$(TARGET_NAME)";
				SWIFT_EMIT_LOC_STRINGS = YES;
				SWIFT_VERSION = 5.0;
				TARGETED_DEVICE_FAMILY = "1,2";
			};
			name = Release;
		};
		48D1137C29E1CA0E009A2ED6 /* Debug */ = {
			isa = XCBuildConfiguration;
			buildSettings = {
				ALWAYS_EMBED_SWIFT_STANDARD_LIBRARIES = YES;
				BUNDLE_LOADER = "$(TEST_HOST)";
				CODE_SIGN_STYLE = Automatic;
				CURRENT_PROJECT_VERSION = 1;
				DEVELOPMENT_TEAM = 843LVGZ3SS;
				GENERATE_INFOPLIST_FILE = YES;
				IPHONEOS_DEPLOYMENT_TARGET = 16.2;
				MARKETING_VERSION = 1.0;
				PRODUCT_BUNDLE_IDENTIFIER = mbz.GasExpensesTests;
				PRODUCT_NAME = "$(TARGET_NAME)";
				SWIFT_EMIT_LOC_STRINGS = NO;
				SWIFT_VERSION = 5.0;
				TARGETED_DEVICE_FAMILY = "1,2";
				TEST_HOST = "$(BUILT_PRODUCTS_DIR)/GasExpenses.app/$(BUNDLE_EXECUTABLE_FOLDER_PATH)/GasExpenses";
			};
			name = Debug;
		};
		48D1137D29E1CA0E009A2ED6 /* Release */ = {
			isa = XCBuildConfiguration;
			buildSettings = {
				ALWAYS_EMBED_SWIFT_STANDARD_LIBRARIES = YES;
				BUNDLE_LOADER = "$(TEST_HOST)";
				CODE_SIGN_STYLE = Automatic;
				CURRENT_PROJECT_VERSION = 1;
				DEVELOPMENT_TEAM = 843LVGZ3SS;
				GENERATE_INFOPLIST_FILE = YES;
				IPHONEOS_DEPLOYMENT_TARGET = 16.2;
				MARKETING_VERSION = 1.0;
				PRODUCT_BUNDLE_IDENTIFIER = mbz.GasExpensesTests;
				PRODUCT_NAME = "$(TARGET_NAME)";
				SWIFT_EMIT_LOC_STRINGS = NO;
				SWIFT_VERSION = 5.0;
				TARGETED_DEVICE_FAMILY = "1,2";
				TEST_HOST = "$(BUILT_PRODUCTS_DIR)/GasExpenses.app/$(BUNDLE_EXECUTABLE_FOLDER_PATH)/GasExpenses";
			};
			name = Release;
		};
		48D1137F29E1CA0E009A2ED6 /* Debug */ = {
			isa = XCBuildConfiguration;
			buildSettings = {
				ALWAYS_EMBED_SWIFT_STANDARD_LIBRARIES = YES;
				CODE_SIGN_STYLE = Automatic;
				CURRENT_PROJECT_VERSION = 1;
				DEVELOPMENT_TEAM = 843LVGZ3SS;
				GENERATE_INFOPLIST_FILE = YES;
				MARKETING_VERSION = 1.0;
				PRODUCT_BUNDLE_IDENTIFIER = mbz.GasExpensesUITests;
				PRODUCT_NAME = "$(TARGET_NAME)";
				SWIFT_EMIT_LOC_STRINGS = NO;
				SWIFT_VERSION = 5.0;
				TARGETED_DEVICE_FAMILY = "1,2";
				TEST_TARGET_NAME = GasExpenses;
			};
			name = Debug;
		};
		48D1138029E1CA0E009A2ED6 /* Release */ = {
			isa = XCBuildConfiguration;
			buildSettings = {
				ALWAYS_EMBED_SWIFT_STANDARD_LIBRARIES = YES;
				CODE_SIGN_STYLE = Automatic;
				CURRENT_PROJECT_VERSION = 1;
				DEVELOPMENT_TEAM = 843LVGZ3SS;
				GENERATE_INFOPLIST_FILE = YES;
				MARKETING_VERSION = 1.0;
				PRODUCT_BUNDLE_IDENTIFIER = mbz.GasExpensesUITests;
				PRODUCT_NAME = "$(TARGET_NAME)";
				SWIFT_EMIT_LOC_STRINGS = NO;
				SWIFT_VERSION = 5.0;
				TARGETED_DEVICE_FAMILY = "1,2";
				TEST_TARGET_NAME = GasExpenses;
			};
			name = Release;
		};
/* End XCBuildConfiguration section */

/* Begin XCConfigurationList section */
		48D1134F29E1CA0B009A2ED6 /* Build configuration list for PBXProject "GasExpenses" */ = {
			isa = XCConfigurationList;
			buildConfigurations = (
				48D1137629E1CA0E009A2ED6 /* Debug */,
				48D1137729E1CA0E009A2ED6 /* Release */,
			);
			defaultConfigurationIsVisible = 0;
			defaultConfigurationName = Release;
		};
		48D1137829E1CA0E009A2ED6 /* Build configuration list for PBXNativeTarget "GasExpenses" */ = {
			isa = XCConfigurationList;
			buildConfigurations = (
				48D1137929E1CA0E009A2ED6 /* Debug */,
				48D1137A29E1CA0E009A2ED6 /* Release */,
			);
			defaultConfigurationIsVisible = 0;
			defaultConfigurationName = Release;
		};
		48D1137B29E1CA0E009A2ED6 /* Build configuration list for PBXNativeTarget "GasExpensesTests" */ = {
			isa = XCConfigurationList;
			buildConfigurations = (
				48D1137C29E1CA0E009A2ED6 /* Debug */,
				48D1137D29E1CA0E009A2ED6 /* Release */,
			);
			defaultConfigurationIsVisible = 0;
			defaultConfigurationName = Release;
		};
		48D1137E29E1CA0E009A2ED6 /* Build configuration list for PBXNativeTarget "GasExpensesUITests" */ = {
			isa = XCConfigurationList;
			buildConfigurations = (
				48D1137F29E1CA0E009A2ED6 /* Debug */,
				48D1138029E1CA0E009A2ED6 /* Release */,
			);
			defaultConfigurationIsVisible = 0;
			defaultConfigurationName = Release;
		};
/* End XCConfigurationList section */
	};
	rootObject = 48D1134C29E1CA0B009A2ED6 /* Project object */;
}
